// !$*UTF8*$!
{
	archiveVersion = 1;
	classes = {
	};
	objectVersion = 50;
	objects = {

/* Begin PBXBuildFile section */
		5F6F338823FD112900C73418 /* Assets.xcassets in Resources */ = {isa = PBXBuildFile; fileRef = 5F6F338723FD112900C73418 /* Assets.xcassets */; };
		5F6F338B23FD112900C73418 /* LaunchScreen.storyboard in Resources */ = {isa = PBXBuildFile; fileRef = 5F6F338923FD112900C73418 /* LaunchScreen.storyboard */; };
		5F6F339423FD1CB300C73418 /* Main.storyboard in Resources */ = {isa = PBXBuildFile; fileRef = 5F6F339323FD1CB300C73418 /* Main.storyboard */; };
		5F6F339A23FD1D7100C73418 /* TypeOfPayment.swift in Sources */ = {isa = PBXBuildFile; fileRef = 5F6F339523FD1D7100C73418 /* TypeOfPayment.swift */; };
		5F6F339B23FD1D7100C73418 /* PaymentsGroupedByType.swift in Sources */ = {isa = PBXBuildFile; fileRef = 5F6F339623FD1D7100C73418 /* PaymentsGroupedByType.swift */; };
		5F6F339C23FD1D7100C73418 /* WebServiceDecoder.swift in Sources */ = {isa = PBXBuildFile; fileRef = 5F6F339723FD1D7100C73418 /* WebServiceDecoder.swift */; };
		5F6F339D23FD1D7100C73418 /* PaymentsOfTheDay.swift in Sources */ = {isa = PBXBuildFile; fileRef = 5F6F339823FD1D7100C73418 /* PaymentsOfTheDay.swift */; };
		5F6F339E23FD1D7100C73418 /* Payment.swift in Sources */ = {isa = PBXBuildFile; fileRef = 5F6F339923FD1D7100C73418 /* Payment.swift */; };
		5F6F33A223FD1DA500C73418 /* AppDelegate.swift in Sources */ = {isa = PBXBuildFile; fileRef = 5F6F33A023FD1DA500C73418 /* AppDelegate.swift */; };
		5F6F33A323FD1DA500C73418 /* SceneDelegate.swift in Sources */ = {isa = PBXBuildFile; fileRef = 5F6F33A123FD1DA500C73418 /* SceneDelegate.swift */; };
		5F6F33A623FD1DD600C73418 /* webServicePagamentos.json in Resources */ = {isa = PBXBuildFile; fileRef = 5F6F33A523FD1DD600C73418 /* webServicePagamentos.json */; };
		5F6F33AC23FD1DF200C73418 /* PaymentsListTableViewCell.swift in Sources */ = {isa = PBXBuildFile; fileRef = 5F6F33A823FD1DF200C73418 /* PaymentsListTableViewCell.swift */; };
		5F6F33AE23FD1DF200C73418 /* PaymentsCenterTableViewController.swift in Sources */ = {isa = PBXBuildFile; fileRef = 5F6F33AA23FD1DF200C73418 /* PaymentsCenterTableViewController.swift */; };
		5F91B96B23FD444200B0A121 /* PaymentListTableViewController.swift in Sources */ = {isa = PBXBuildFile; fileRef = 5F91B96A23FD444200B0A121 /* PaymentListTableViewController.swift */; };
		5F91B96D23FD449800B0A121 /* ProofOfPaymentTableViewController.swift in Sources */ = {isa = PBXBuildFile; fileRef = 5F91B96C23FD449800B0A121 /* ProofOfPaymentTableViewController.swift */; };
/* End PBXBuildFile section */

/* Begin PBXFileReference section */
		5F6F337B23FD112400C73418 /* MVVMC-Final.app */ = {isa = PBXFileReference; explicitFileType = wrapper.application; includeInIndex = 0; path = "MVVMC-Final.app"; sourceTree = BUILT_PRODUCTS_DIR; };
		5F6F338723FD112900C73418 /* Assets.xcassets */ = {isa = PBXFileReference; lastKnownFileType = folder.assetcatalog; path = Assets.xcassets; sourceTree = "<group>"; };
		5F6F338A23FD112900C73418 /* Base */ = {isa = PBXFileReference; lastKnownFileType = file.storyboard; name = Base; path = Base.lproj/LaunchScreen.storyboard; sourceTree = "<group>"; };
		5F6F338C23FD112900C73418 /* Info.plist */ = {isa = PBXFileReference; lastKnownFileType = text.plist.xml; path = Info.plist; sourceTree = "<group>"; };
		5F6F339323FD1CB300C73418 /* Main.storyboard */ = {isa = PBXFileReference; fileEncoding = 4; lastKnownFileType = file.storyboard; path = Main.storyboard; sourceTree = "<group>"; };
		5F6F339523FD1D7100C73418 /* TypeOfPayment.swift */ = {isa = PBXFileReference; fileEncoding = 4; lastKnownFileType = sourcecode.swift; path = TypeOfPayment.swift; sourceTree = "<group>"; };
		5F6F339623FD1D7100C73418 /* PaymentsGroupedByType.swift */ = {isa = PBXFileReference; fileEncoding = 4; lastKnownFileType = sourcecode.swift; path = PaymentsGroupedByType.swift; sourceTree = "<group>"; };
		5F6F339723FD1D7100C73418 /* WebServiceDecoder.swift */ = {isa = PBXFileReference; fileEncoding = 4; lastKnownFileType = sourcecode.swift; path = WebServiceDecoder.swift; sourceTree = "<group>"; };
		5F6F339823FD1D7100C73418 /* PaymentsOfTheDay.swift */ = {isa = PBXFileReference; fileEncoding = 4; lastKnownFileType = sourcecode.swift; path = PaymentsOfTheDay.swift; sourceTree = "<group>"; };
		5F6F339923FD1D7100C73418 /* Payment.swift */ = {isa = PBXFileReference; fileEncoding = 4; lastKnownFileType = sourcecode.swift; path = Payment.swift; sourceTree = "<group>"; };
		5F6F33A023FD1DA500C73418 /* AppDelegate.swift */ = {isa = PBXFileReference; fileEncoding = 4; lastKnownFileType = sourcecode.swift; path = AppDelegate.swift; sourceTree = "<group>"; };
		5F6F33A123FD1DA500C73418 /* SceneDelegate.swift */ = {isa = PBXFileReference; fileEncoding = 4; lastKnownFileType = sourcecode.swift; path = SceneDelegate.swift; sourceTree = "<group>"; };
		5F6F33A523FD1DD600C73418 /* webServicePagamentos.json */ = {isa = PBXFileReference; fileEncoding = 4; lastKnownFileType = text.json; path = webServicePagamentos.json; sourceTree = "<group>"; };
		5F6F33A823FD1DF200C73418 /* PaymentsListTableViewCell.swift */ = {isa = PBXFileReference; fileEncoding = 4; lastKnownFileType = sourcecode.swift; path = PaymentsListTableViewCell.swift; sourceTree = "<group>"; };
		5F6F33AA23FD1DF200C73418 /* PaymentsCenterTableViewController.swift */ = {isa = PBXFileReference; fileEncoding = 4; lastKnownFileType = sourcecode.swift; path = PaymentsCenterTableViewController.swift; sourceTree = "<group>"; };
		5F91B96A23FD444200B0A121 /* PaymentListTableViewController.swift */ = {isa = PBXFileReference; lastKnownFileType = sourcecode.swift; path = PaymentListTableViewController.swift; sourceTree = "<group>"; };
		5F91B96C23FD449800B0A121 /* ProofOfPaymentTableViewController.swift */ = {isa = PBXFileReference; lastKnownFileType = sourcecode.swift; path = ProofOfPaymentTableViewController.swift; sourceTree = "<group>"; };
/* End PBXFileReference section */

/* Begin PBXFrameworksBuildPhase section */
		5F6F337823FD112400C73418 /* Frameworks */ = {
			isa = PBXFrameworksBuildPhase;
			buildActionMask = 2147483647;
			files = (
			);
			runOnlyForDeploymentPostprocessing = 0;
		};
/* End PBXFrameworksBuildPhase section */

/* Begin PBXGroup section */
		5F6F337223FD112400C73418 = {
			isa = PBXGroup;
			children = (
				5F6F337D23FD112400C73418 /* MVVMC-Final */,
				5F6F337C23FD112400C73418 /* Products */,
			);
			sourceTree = "<group>";
		};
		5F6F337C23FD112400C73418 /* Products */ = {
			isa = PBXGroup;
			children = (
				5F6F337B23FD112400C73418 /* MVVMC-Final.app */,
			);
			name = Products;
			sourceTree = "<group>";
		};
		5F6F337D23FD112400C73418 /* MVVMC-Final */ = {
			isa = PBXGroup;
			children = (
				5F6F33B123FD1E7900C73418 /* StoryBoards */,
				5F6F33A423FD1DBE00C73418 /* AppDelegate */,
				5F6F33AF23FD1E1400C73418 /* Scenes */,
				5F6F339F23FD1D7A00C73418 /* Model */,
				5F6F33B023FD1E5400C73418 /* JSON */,
				5F6F33B223FD1E9E00C73418 /* Supporting files */,
			);
			path = "MVVMC-Final";
			sourceTree = "<group>";
		};
		5F6F339F23FD1D7A00C73418 /* Model */ = {
			isa = PBXGroup;
			children = (
				5F6F339923FD1D7100C73418 /* Payment.swift */,
				5F6F339623FD1D7100C73418 /* PaymentsGroupedByType.swift */,
				5F6F339823FD1D7100C73418 /* PaymentsOfTheDay.swift */,
				5F6F339523FD1D7100C73418 /* TypeOfPayment.swift */,
				5F6F339723FD1D7100C73418 /* WebServiceDecoder.swift */,
			);
			path = Model;
			sourceTree = "<group>";
		};
		5F6F33A423FD1DBE00C73418 /* AppDelegate */ = {
			isa = PBXGroup;
			children = (
				5F6F33A023FD1DA500C73418 /* AppDelegate.swift */,
				5F6F33A123FD1DA500C73418 /* SceneDelegate.swift */,
			);
			path = AppDelegate;
			sourceTree = "<group>";
		};
		5F6F33AF23FD1E1400C73418 /* Scenes */ = {
			isa = PBXGroup;
			children = (
				5F6F33AA23FD1DF200C73418 /* PaymentsCenterTableViewController.swift */,
				5F91B96A23FD444200B0A121 /* PaymentListTableViewController.swift */,
				5F6F33A823FD1DF200C73418 /* PaymentsListTableViewCell.swift */,
				5F91B96C23FD449800B0A121 /* ProofOfPaymentTableViewController.swift */,
			);
			path = Scenes;
			sourceTree = "<group>";
		};
		5F6F33B023FD1E5400C73418 /* JSON */ = {
			isa = PBXGroup;
			children = (
				5F6F33A523FD1DD600C73418 /* webServicePagamentos.json */,
			);
			path = JSON;
			sourceTree = "<group>";
		};
		5F6F33B123FD1E7900C73418 /* StoryBoards */ = {
			isa = PBXGroup;
			children = (
				5F6F338923FD112900C73418 /* LaunchScreen.storyboard */,
				5F6F339323FD1CB300C73418 /* Main.storyboard */,
			);
			path = StoryBoards;
			sourceTree = "<group>";
		};
		5F6F33B223FD1E9E00C73418 /* Supporting files */ = {
			isa = PBXGroup;
			children = (
				5F6F338723FD112900C73418 /* Assets.xcassets */,
				5F6F338C23FD112900C73418 /* Info.plist */,
			);
			path = "Supporting files";
			sourceTree = "<group>";
		};
/* End PBXGroup section */

/* Begin PBXNativeTarget section */
		5F6F337A23FD112400C73418 /* MVVMC-Final */ = {
			isa = PBXNativeTarget;
			buildConfigurationList = 5F6F338F23FD112900C73418 /* Build configuration list for PBXNativeTarget "MVVMC-Final" */;
			buildPhases = (
				5F6F337723FD112400C73418 /* Sources */,
				5F6F337823FD112400C73418 /* Frameworks */,
				5F6F337923FD112400C73418 /* Resources */,
			);
			buildRules = (
			);
			dependencies = (
			);
			name = "MVVMC-Final";
			productName = "MVVM-C";
			productReference = 5F6F337B23FD112400C73418 /* MVVMC-Final.app */;
			productType = "com.apple.product-type.application";
		};
/* End PBXNativeTarget section */

/* Begin PBXProject section */
		5F6F337323FD112400C73418 /* Project object */ = {
			isa = PBXProject;
			attributes = {
				LastSwiftUpdateCheck = 1130;
				LastUpgradeCheck = 1130;
				ORGANIZATIONNAME = "Applause Codes";
				TargetAttributes = {
					5F6F337A23FD112400C73418 = {
						CreatedOnToolsVersion = 11.3;
						LastSwiftMigration = 1130;
					};
				};
			};
			buildConfigurationList = 5F6F337623FD112400C73418 /* Build configuration list for PBXProject "MVVMC-Final" */;
			compatibilityVersion = "Xcode 9.3";
			developmentRegion = en;
			hasScannedForEncodings = 0;
			knownRegions = (
				en,
				Base,
			);
			mainGroup = 5F6F337223FD112400C73418;
			productRefGroup = 5F6F337C23FD112400C73418 /* Products */;
			projectDirPath = "";
			projectRoot = "";
			targets = (
				5F6F337A23FD112400C73418 /* MVVMC-Final */,
			);
		};
/* End PBXProject section */

/* Begin PBXResourcesBuildPhase section */
		5F6F337923FD112400C73418 /* Resources */ = {
			isa = PBXResourcesBuildPhase;
			buildActionMask = 2147483647;
			files = (
				5F6F339423FD1CB300C73418 /* Main.storyboard in Resources */,
				5F6F338B23FD112900C73418 /* LaunchScreen.storyboard in Resources */,
				5F6F338823FD112900C73418 /* Assets.xcassets in Resources */,
				5F6F33A623FD1DD600C73418 /* webServicePagamentos.json in Resources */,
			);
			runOnlyForDeploymentPostprocessing = 0;
		};
/* End PBXResourcesBuildPhase section */

/* Begin PBXSourcesBuildPhase section */
		5F6F337723FD112400C73418 /* Sources */ = {
			isa = PBXSourcesBuildPhase;
			buildActionMask = 2147483647;
			files = (
				5F6F33A223FD1DA500C73418 /* AppDelegate.swift in Sources */,
				5F6F33A323FD1DA500C73418 /* SceneDelegate.swift in Sources */,
				5F91B96D23FD449800B0A121 /* ProofOfPaymentTableViewController.swift in Sources */,
				5F91B96B23FD444200B0A121 /* PaymentListTableViewController.swift in Sources */,
				5F6F339D23FD1D7100C73418 /* PaymentsOfTheDay.swift in Sources */,
				5F6F339B23FD1D7100C73418 /* PaymentsGroupedByType.swift in Sources */,
				5F6F339A23FD1D7100C73418 /* TypeOfPayment.swift in Sources */,
				5F6F339C23FD1D7100C73418 /* WebServiceDecoder.swift in Sources */,
				5F6F33AE23FD1DF200C73418 /* PaymentsCenterTableViewController.swift in Sources */,
				5F6F339E23FD1D7100C73418 /* Payment.swift in Sources */,
				5F6F33AC23FD1DF200C73418 /* PaymentsListTableViewCell.swift in Sources */,
			);
			runOnlyForDeploymentPostprocessing = 0;
		};
/* End PBXSourcesBuildPhase section */

/* Begin PBXVariantGroup section */
		5F6F338923FD112900C73418 /* LaunchScreen.storyboard */ = {
			isa = PBXVariantGroup;
			children = (
				5F6F338A23FD112900C73418 /* Base */,
			);
			name = LaunchScreen.storyboard;
			sourceTree = "<group>";
		};
/* End PBXVariantGroup section */

/* Begin XCBuildConfiguration section */
		5F6F338D23FD112900C73418 /* Debug */ = {
			isa = XCBuildConfiguration;
			buildSettings = {
				ALWAYS_SEARCH_USER_PATHS = NO;
				CLANG_ANALYZER_NONNULL = YES;
				CLANG_ANALYZER_NUMBER_OBJECT_CONVERSION = YES_AGGRESSIVE;
				CLANG_CXX_LANGUAGE_STANDARD = "gnu++14";
				CLANG_CXX_LIBRARY = "libc++";
				CLANG_ENABLE_MODULES = YES;
				CLANG_ENABLE_OBJC_ARC = YES;
				CLANG_ENABLE_OBJC_WEAK = YES;
				CLANG_WARN_BLOCK_CAPTURE_AUTORELEASING = YES;
				CLANG_WARN_BOOL_CONVERSION = YES;
				CLANG_WARN_COMMA = YES;
				CLANG_WARN_CONSTANT_CONVERSION = YES;
				CLANG_WARN_DEPRECATED_OBJC_IMPLEMENTATIONS = YES;
				CLANG_WARN_DIRECT_OBJC_ISA_USAGE = YES_ERROR;
				CLANG_WARN_DOCUMENTATION_COMMENTS = YES;
				CLANG_WARN_EMPTY_BODY = YES;
				CLANG_WARN_ENUM_CONVERSION = YES;
				CLANG_WARN_INFINITE_RECURSION = YES;
				CLANG_WARN_INT_CONVERSION = YES;
				CLANG_WARN_NON_LITERAL_NULL_CONVERSION = YES;
				CLANG_WARN_OBJC_IMPLICIT_RETAIN_SELF = YES;
				CLANG_WARN_OBJC_LITERAL_CONVERSION = YES;
				CLANG_WARN_OBJC_ROOT_CLASS = YES_ERROR;
				CLANG_WARN_RANGE_LOOP_ANALYSIS = YES;
				CLANG_WARN_STRICT_PROTOTYPES = YES;
				CLANG_WARN_SUSPICIOUS_MOVE = YES;
				CLANG_WARN_UNGUARDED_AVAILABILITY = YES_AGGRESSIVE;
				CLANG_WARN_UNREACHABLE_CODE = YES;
				CLANG_WARN__DUPLICATE_METHOD_MATCH = YES;
				COPY_PHASE_STRIP = NO;
				DEBUG_INFORMATION_FORMAT = dwarf;
				ENABLE_STRICT_OBJC_MSGSEND = YES;
				ENABLE_TESTABILITY = YES;
				GCC_C_LANGUAGE_STANDARD = gnu11;
				GCC_DYNAMIC_NO_PIC = NO;
				GCC_NO_COMMON_BLOCKS = YES;
				GCC_OPTIMIZATION_LEVEL = 0;
				GCC_PREPROCESSOR_DEFINITIONS = (
					"DEBUG=1",
					"$(inherited)",
				);
				GCC_WARN_64_TO_32_BIT_CONVERSION = YES;
				GCC_WARN_ABOUT_RETURN_TYPE = YES_ERROR;
				GCC_WARN_UNDECLARED_SELECTOR = YES;
				GCC_WARN_UNINITIALIZED_AUTOS = YES_AGGRESSIVE;
				GCC_WARN_UNUSED_FUNCTION = YES;
				GCC_WARN_UNUSED_VARIABLE = YES;
				IPHONEOS_DEPLOYMENT_TARGET = 13.2;
				MTL_ENABLE_DEBUG_INFO = INCLUDE_SOURCE;
				MTL_FAST_MATH = YES;
				ONLY_ACTIVE_ARCH = YES;
				SDKROOT = iphoneos;
				SWIFT_ACTIVE_COMPILATION_CONDITIONS = DEBUG;
				SWIFT_OPTIMIZATION_LEVEL = "-Onone";
			};
			name = Debug;
		};
		5F6F338E23FD112900C73418 /* Release */ = {
			isa = XCBuildConfiguration;
			buildSettings = {
				ALWAYS_SEARCH_USER_PATHS = NO;
				CLANG_ANALYZER_NONNULL = YES;
				CLANG_ANALYZER_NUMBER_OBJECT_CONVERSION = YES_AGGRESSIVE;
				CLANG_CXX_LANGUAGE_STANDARD = "gnu++14";
				CLANG_CXX_LIBRARY = "libc++";
				CLANG_ENABLE_MODULES = YES;
				CLANG_ENABLE_OBJC_ARC = YES;
				CLANG_ENABLE_OBJC_WEAK = YES;
				CLANG_WARN_BLOCK_CAPTURE_AUTORELEASING = YES;
				CLANG_WARN_BOOL_CONVERSION = YES;
				CLANG_WARN_COMMA = YES;
				CLANG_WARN_CONSTANT_CONVERSION = YES;
				CLANG_WARN_DEPRECATED_OBJC_IMPLEMENTATIONS = YES;
				CLANG_WARN_DIRECT_OBJC_ISA_USAGE = YES_ERROR;
				CLANG_WARN_DOCUMENTATION_COMMENTS = YES;
				CLANG_WARN_EMPTY_BODY = YES;
				CLANG_WARN_ENUM_CONVERSION = YES;
				CLANG_WARN_INFINITE_RECURSION = YES;
				CLANG_WARN_INT_CONVERSION = YES;
				CLANG_WARN_NON_LITERAL_NULL_CONVERSION = YES;
				CLANG_WARN_OBJC_IMPLICIT_RETAIN_SELF = YES;
				CLANG_WARN_OBJC_LITERAL_CONVERSION = YES;
				CLANG_WARN_OBJC_ROOT_CLASS = YES_ERROR;
				CLANG_WARN_RANGE_LOOP_ANALYSIS = YES;
				CLANG_WARN_STRICT_PROTOTYPES = YES;
				CLANG_WARN_SUSPICIOUS_MOVE = YES;
				CLANG_WARN_UNGUARDED_AVAILABILITY = YES_AGGRESSIVE;
				CLANG_WARN_UNREACHABLE_CODE = YES;
				CLANG_WARN__DUPLICATE_METHOD_MATCH = YES;
				COPY_PHASE_STRIP = NO;
				DEBUG_INFORMATION_FORMAT = "dwarf-with-dsym";
				ENABLE_NS_ASSERTIONS = NO;
				ENABLE_STRICT_OBJC_MSGSEND = YES;
				GCC_C_LANGUAGE_STANDARD = gnu11;
				GCC_NO_COMMON_BLOCKS = YES;
				GCC_WARN_64_TO_32_BIT_CONVERSION = YES;
				GCC_WARN_ABOUT_RETURN_TYPE = YES_ERROR;
				GCC_WARN_UNDECLARED_SELECTOR = YES;
				GCC_WARN_UNINITIALIZED_AUTOS = YES_AGGRESSIVE;
				GCC_WARN_UNUSED_FUNCTION = YES;
				GCC_WARN_UNUSED_VARIABLE = YES;
				IPHONEOS_DEPLOYMENT_TARGET = 13.2;
				MTL_ENABLE_DEBUG_INFO = NO;
				MTL_FAST_MATH = YES;
				SDKROOT = iphoneos;
				SWIFT_COMPILATION_MODE = wholemodule;
				SWIFT_OPTIMIZATION_LEVEL = "-O";
				VALIDATE_PRODUCT = YES;
			};
			name = Release;
		};
		5F6F339023FD112900C73418 /* Debug */ = {
			isa = XCBuildConfiguration;
			buildSettings = {
				ASSETCATALOG_COMPILER_APPICON_NAME = AppIcon;
				CLANG_ENABLE_MODULES = YES;
				CODE_SIGN_STYLE = Automatic;
				DEVELOPMENT_TEAM = 9VZ2GX6WB6;
				INFOPLIST_FILE = "$(SRCROOT)/MVVMC-Final/Supporting files/Info.plist";
				LD_RUNPATH_SEARCH_PATHS = (
					"$(inherited)",
					"@executable_path/Frameworks",
				);
				PRODUCT_BUNDLE_IDENTIFIER = "codes.applause.MVVM-C";
				PRODUCT_NAME = "$(TARGET_NAME)";
				SWIFT_OPTIMIZATION_LEVEL = "-Onone";
				SWIFT_VERSION = 5.0;
				TARGETED_DEVICE_FAMILY = "1,2";
			};
			name = Debug;
		};
		5F6F339123FD112900C73418 /* Release */ = {
			isa = XCBuildConfiguration;
			buildSettings = {
				ASSETCATALOG_COMPILER_APPICON_NAME = AppIcon;
				CLANG_ENABLE_MODULES = YES;
				CODE_SIGN_STYLE = Automatic;
				DEVELOPMENT_TEAM = 9VZ2GX6WB6;
				INFOPLIST_FILE = "$(SRCROOT)/MVVMC-Final/Supporting files/Info.plist";
				LD_RUNPATH_SEARCH_PATHS = (
					"$(inherited)",
					"@executable_path/Frameworks",
				);
				PRODUCT_BUNDLE_IDENTIFIER = "codes.applause.MVVM-C";
				PRODUCT_NAME = "$(TARGET_NAME)";
				SWIFT_VERSION = 5.0;
				TARGETED_DEVICE_FAMILY = "1,2";
			};
			name = Release;
		};
/* End XCBuildConfiguration section */

/* Begin XCConfigurationList section */
		5F6F337623FD112400C73418 /* Build configuration list for PBXProject "MVVMC-Final" */ = {
			isa = XCConfigurationList;
			buildConfigurations = (
				5F6F338D23FD112900C73418 /* Debug */,
				5F6F338E23FD112900C73418 /* Release */,
			);
			defaultConfigurationIsVisible = 0;
			defaultConfigurationName = Release;
		};
		5F6F338F23FD112900C73418 /* Build configuration list for PBXNativeTarget "MVVMC-Final" */ = {
			isa = XCConfigurationList;
			buildConfigurations = (
				5F6F339023FD112900C73418 /* Debug */,
				5F6F339123FD112900C73418 /* Release */,
			);
			defaultConfigurationIsVisible = 0;
			defaultConfigurationName = Release;
		};
/* End XCConfigurationList section */
	};
	rootObject = 5F6F337323FD112400C73418 /* Project object */;
}
