// !$*UTF8*$!
{
	archiveVersion = 1;
	classes = {
	};
	objectVersion = 50;
	objects = {

/* Begin PBXBuildFile section */
		5F6F328223FBE5B400C73418 /* Assets.xcassets in Resources */ = {isa = PBXBuildFile; fileRef = 5F6F328123FBE5B400C73418 /* Assets.xcassets */; };
		5F6F328523FBE5B400C73418 /* LaunchScreen.storyboard in Resources */ = {isa = PBXBuildFile; fileRef = 5F6F328323FBE5B400C73418 /* LaunchScreen.storyboard */; };
		5F6F328E23FBE62800C73418 /* AppDelegate.swift in Sources */ = {isa = PBXBuildFile; fileRef = 5F6F328C23FBE62800C73418 /* AppDelegate.swift */; };
		5F6F328F23FBE62800C73418 /* SceneDelegate.swift in Sources */ = {isa = PBXBuildFile; fileRef = 5F6F328D23FBE62800C73418 /* SceneDelegate.swift */; };
		5F6F329723FBE66D00C73418 /* WebServiceDecoder.swift in Sources */ = {isa = PBXBuildFile; fileRef = 5F6F329223FBE66D00C73418 /* WebServiceDecoder.swift */; };
		5F6F329823FBE66D00C73418 /* PagamentosDoDia.swift in Sources */ = {isa = PBXBuildFile; fileRef = 5F6F329323FBE66D00C73418 /* PagamentosDoDia.swift */; };
		5F6F329923FBE66D00C73418 /* Pagamento.swift in Sources */ = {isa = PBXBuildFile; fileRef = 5F6F329423FBE66D00C73418 /* Pagamento.swift */; };
		5F6F329A23FBE66D00C73418 /* TipoDePagamento.swift in Sources */ = {isa = PBXBuildFile; fileRef = 5F6F329523FBE66D00C73418 /* TipoDePagamento.swift */; };
		5F6F329B23FBE66D00C73418 /* PagamentosAgrupadosPorTipo.swift in Sources */ = {isa = PBXBuildFile; fileRef = 5F6F329623FBE66D00C73418 /* PagamentosAgrupadosPorTipo.swift */; };
		5F6F329E23FBE6A200C73418 /* webServicePagamentos.json in Resources */ = {isa = PBXBuildFile; fileRef = 5F6F329D23FBE6A200C73418 /* webServicePagamentos.json */; };
		5F6F32A123FBE70400C73418 /* ViewCodeProtocol.swift in Sources */ = {isa = PBXBuildFile; fileRef = 5F6F32A023FBE70400C73418 /* ViewCodeProtocol.swift */; };
		5F6F32A423FBE72500C73418 /* TabBarController.swift in Sources */ = {isa = PBXBuildFile; fileRef = 5F6F32A323FBE72500C73418 /* TabBarController.swift */; };
		5F6F32A923FBE7B500C73418 /* CelulaDaCentralDePagamentos.swift in Sources */ = {isa = PBXBuildFile; fileRef = 5F6F32A723FBE7B500C73418 /* CelulaDaCentralDePagamentos.swift */; };
		5F6F32AA23FBE7B500C73418 /* CentralDePagamentos.swift in Sources */ = {isa = PBXBuildFile; fileRef = 5F6F32A823FBE7B500C73418 /* CentralDePagamentos.swift */; };
		5F6F32AD23FBE7C700C73418 /* ComprovanteDePagamento.swift in Sources */ = {isa = PBXBuildFile; fileRef = 5F6F32AB23FBE7C700C73418 /* ComprovanteDePagamento.swift */; };
		5F6F32AE23FBE7C700C73418 /* CelulaDoComprovanteDePagamento.swift in Sources */ = {isa = PBXBuildFile; fileRef = 5F6F32AC23FBE7C700C73418 /* CelulaDoComprovanteDePagamento.swift */; };
		5F6F32B123FBE7D700C73418 /* CelulaDaListaDePagamentos.swift in Sources */ = {isa = PBXBuildFile; fileRef = 5F6F32AF23FBE7D700C73418 /* CelulaDaListaDePagamentos.swift */; };
		5F6F32B223FBE7D700C73418 /* ListaDePagamentos.swift in Sources */ = {isa = PBXBuildFile; fileRef = 5F6F32B023FBE7D700C73418 /* ListaDePagamentos.swift */; };
		5F6F32B423FBE7EB00C73418 /* OutroViewController.swift in Sources */ = {isa = PBXBuildFile; fileRef = 5F6F32B323FBE7EB00C73418 /* OutroViewController.swift */; };
		5F6F32B823FBE86E00C73418 /* UIFontExtension.swift in Sources */ = {isa = PBXBuildFile; fileRef = 5F6F32B623FBE86E00C73418 /* UIFontExtension.swift */; };
		5F6F32B923FBE86E00C73418 /* UIColorExtension.swift in Sources */ = {isa = PBXBuildFile; fileRef = 5F6F32B723FBE86E00C73418 /* UIColorExtension.swift */; };
		5F6F32DE23FC28EF00C73418 /* ViewModelQuantidadeDePagamentos.swift in Sources */ = {isa = PBXBuildFile; fileRef = 5F6F32DD23FC28EF00C73418 /* ViewModelQuantidadeDePagamentos.swift */; };
/* End PBXBuildFile section */

/* Begin PBXFileReference section */
		5F6F327523FBE5AE00C73418 /* Example3-MVC-to-MVVM.app */ = {isa = PBXFileReference; explicitFileType = wrapper.application; includeInIndex = 0; path = "Example3-MVC-to-MVVM.app"; sourceTree = BUILT_PRODUCTS_DIR; };
		5F6F328123FBE5B400C73418 /* Assets.xcassets */ = {isa = PBXFileReference; lastKnownFileType = folder.assetcatalog; path = Assets.xcassets; sourceTree = "<group>"; };
		5F6F328423FBE5B400C73418 /* Base */ = {isa = PBXFileReference; lastKnownFileType = file.storyboard; name = Base; path = Base.lproj/LaunchScreen.storyboard; sourceTree = "<group>"; };
		5F6F328623FBE5B400C73418 /* Info.plist */ = {isa = PBXFileReference; lastKnownFileType = text.plist.xml; path = Info.plist; sourceTree = "<group>"; };
		5F6F328C23FBE62800C73418 /* AppDelegate.swift */ = {isa = PBXFileReference; fileEncoding = 4; lastKnownFileType = sourcecode.swift; path = AppDelegate.swift; sourceTree = "<group>"; };
		5F6F328D23FBE62800C73418 /* SceneDelegate.swift */ = {isa = PBXFileReference; fileEncoding = 4; lastKnownFileType = sourcecode.swift; path = SceneDelegate.swift; sourceTree = "<group>"; };
		5F6F329223FBE66D00C73418 /* WebServiceDecoder.swift */ = {isa = PBXFileReference; fileEncoding = 4; lastKnownFileType = sourcecode.swift; name = WebServiceDecoder.swift; path = "../../../Example2-MVC-ViewCode/Example2-MVC-ViewCode/Model/WebServiceDecoder.swift"; sourceTree = "<group>"; };
		5F6F329323FBE66D00C73418 /* PagamentosDoDia.swift */ = {isa = PBXFileReference; fileEncoding = 4; lastKnownFileType = sourcecode.swift; name = PagamentosDoDia.swift; path = "../../../Example2-MVC-ViewCode/Example2-MVC-ViewCode/Model/PagamentosDoDia.swift"; sourceTree = "<group>"; };
		5F6F329423FBE66D00C73418 /* Pagamento.swift */ = {isa = PBXFileReference; fileEncoding = 4; lastKnownFileType = sourcecode.swift; name = Pagamento.swift; path = "../../../Example2-MVC-ViewCode/Example2-MVC-ViewCode/Model/Pagamento.swift"; sourceTree = "<group>"; };
		5F6F329523FBE66D00C73418 /* TipoDePagamento.swift */ = {isa = PBXFileReference; fileEncoding = 4; lastKnownFileType = sourcecode.swift; name = TipoDePagamento.swift; path = "../../../Example2-MVC-ViewCode/Example2-MVC-ViewCode/Model/TipoDePagamento.swift"; sourceTree = "<group>"; };
		5F6F329623FBE66D00C73418 /* PagamentosAgrupadosPorTipo.swift */ = {isa = PBXFileReference; fileEncoding = 4; lastKnownFileType = sourcecode.swift; name = PagamentosAgrupadosPorTipo.swift; path = "../../../Example2-MVC-ViewCode/Example2-MVC-ViewCode/Model/PagamentosAgrupadosPorTipo.swift"; sourceTree = "<group>"; };
		5F6F329D23FBE6A200C73418 /* webServicePagamentos.json */ = {isa = PBXFileReference; fileEncoding = 4; lastKnownFileType = text.json; name = webServicePagamentos.json; path = "../../../Example2-MVC-ViewCode/Example2-MVC-ViewCode/Network/webServicePagamentos.json"; sourceTree = "<group>"; };
		5F6F32A023FBE70400C73418 /* ViewCodeProtocol.swift */ = {isa = PBXFileReference; fileEncoding = 4; lastKnownFileType = sourcecode.swift; name = ViewCodeProtocol.swift; path = "../../../Example2-MVC-ViewCode/Example2-MVC-ViewCode/Scenes/ViewCodeProtocol.swift"; sourceTree = "<group>"; };
		5F6F32A323FBE72500C73418 /* TabBarController.swift */ = {isa = PBXFileReference; fileEncoding = 4; lastKnownFileType = sourcecode.swift; name = TabBarController.swift; path = "../../../../Example2-MVC-ViewCode/Example2-MVC-ViewCode/Scenes/Tab Bar/TabBarController.swift"; sourceTree = "<group>"; };
		5F6F32A723FBE7B500C73418 /* CelulaDaCentralDePagamentos.swift */ = {isa = PBXFileReference; fileEncoding = 4; lastKnownFileType = sourcecode.swift; path = CelulaDaCentralDePagamentos.swift; sourceTree = "<group>"; };
		5F6F32A823FBE7B500C73418 /* CentralDePagamentos.swift */ = {isa = PBXFileReference; fileEncoding = 4; lastKnownFileType = sourcecode.swift; path = CentralDePagamentos.swift; sourceTree = "<group>"; };
		5F6F32AB23FBE7C700C73418 /* ComprovanteDePagamento.swift */ = {isa = PBXFileReference; fileEncoding = 4; lastKnownFileType = sourcecode.swift; path = ComprovanteDePagamento.swift; sourceTree = "<group>"; };
		5F6F32AC23FBE7C700C73418 /* CelulaDoComprovanteDePagamento.swift */ = {isa = PBXFileReference; fileEncoding = 4; lastKnownFileType = sourcecode.swift; path = CelulaDoComprovanteDePagamento.swift; sourceTree = "<group>"; };
		5F6F32AF23FBE7D700C73418 /* CelulaDaListaDePagamentos.swift */ = {isa = PBXFileReference; fileEncoding = 4; lastKnownFileType = sourcecode.swift; path = CelulaDaListaDePagamentos.swift; sourceTree = "<group>"; };
		5F6F32B023FBE7D700C73418 /* ListaDePagamentos.swift */ = {isa = PBXFileReference; fileEncoding = 4; lastKnownFileType = sourcecode.swift; path = ListaDePagamentos.swift; sourceTree = "<group>"; };
		5F6F32B323FBE7EB00C73418 /* OutroViewController.swift */ = {isa = PBXFileReference; fileEncoding = 4; lastKnownFileType = sourcecode.swift; name = OutroViewController.swift; path = "../../../../Example2-MVC-ViewCode/Example2-MVC-ViewCode/Scenes/Tab 2/OutroViewController.swift"; sourceTree = "<group>"; };
		5F6F32B623FBE86E00C73418 /* UIFontExtension.swift */ = {isa = PBXFileReference; fileEncoding = 4; lastKnownFileType = sourcecode.swift; name = UIFontExtension.swift; path = "../../../Example2-MVC-ViewCode/Example2-MVC-ViewCode/SharedStyle/UIFontExtension.swift"; sourceTree = "<group>"; };
		5F6F32B723FBE86E00C73418 /* UIColorExtension.swift */ = {isa = PBXFileReference; fileEncoding = 4; lastKnownFileType = sourcecode.swift; name = UIColorExtension.swift; path = "../../../Example2-MVC-ViewCode/Example2-MVC-ViewCode/SharedStyle/UIColorExtension.swift"; sourceTree = "<group>"; };
		5F6F32DD23FC28EF00C73418 /* ViewModelQuantidadeDePagamentos.swift */ = {isa = PBXFileReference; lastKnownFileType = sourcecode.swift; path = ViewModelQuantidadeDePagamentos.swift; sourceTree = "<group>"; };
/* End PBXFileReference section */

/* Begin PBXFrameworksBuildPhase section */
		5F6F327223FBE5AE00C73418 /* Frameworks */ = {
			isa = PBXFrameworksBuildPhase;
			buildActionMask = 2147483647;
			files = (
			);
			runOnlyForDeploymentPostprocessing = 0;
		};
/* End PBXFrameworksBuildPhase section */

/* Begin PBXGroup section */
		5F6F326C23FBE5AE00C73418 = {
			isa = PBXGroup;
			children = (
				5F6F327723FBE5AE00C73418 /* Example3-MVC-to-MVVM */,
				5F6F327623FBE5AE00C73418 /* Products */,
			);
			sourceTree = "<group>";
		};
		5F6F327623FBE5AE00C73418 /* Products */ = {
			isa = PBXGroup;
			children = (
				5F6F327523FBE5AE00C73418 /* Example3-MVC-to-MVVM.app */,
			);
			name = Products;
			sourceTree = "<group>";
		};
		5F6F327723FBE5AE00C73418 /* Example3-MVC-to-MVVM */ = {
			isa = PBXGroup;
			children = (
				5F6F328323FBE5B400C73418 /* LaunchScreen.storyboard */,
				5F6F32B523FBE85E00C73418 /* SharedStyle */,
				5F6F329023FBE63C00C73418 /* AppDelegate */,
				5F6F329123FBE65000C73418 /* Model */,
				5F6F329C23FBE68300C73418 /* Network */,
				5F6F329F23FBE6ED00C73418 /* Scenes */,
				5F6F32DF23FC29D100C73418 /* View-Model */,
				5F6F328123FBE5B400C73418 /* Assets.xcassets */,
				5F6F328623FBE5B400C73418 /* Info.plist */,
			);
			path = "Example3-MVC-to-MVVM";
			sourceTree = "<group>";
		};
		5F6F329023FBE63C00C73418 /* AppDelegate */ = {
			isa = PBXGroup;
			children = (
				5F6F328C23FBE62800C73418 /* AppDelegate.swift */,
				5F6F328D23FBE62800C73418 /* SceneDelegate.swift */,
			);
			path = AppDelegate;
			sourceTree = "<group>";
		};
		5F6F329123FBE65000C73418 /* Model */ = {
			isa = PBXGroup;
			children = (
				5F6F329423FBE66D00C73418 /* Pagamento.swift */,
				5F6F329623FBE66D00C73418 /* PagamentosAgrupadosPorTipo.swift */,
				5F6F329323FBE66D00C73418 /* PagamentosDoDia.swift */,
				5F6F329523FBE66D00C73418 /* TipoDePagamento.swift */,
				5F6F329223FBE66D00C73418 /* WebServiceDecoder.swift */,
			);
			path = Model;
			sourceTree = "<group>";
		};
		5F6F329C23FBE68300C73418 /* Network */ = {
			isa = PBXGroup;
			children = (
				5F6F329D23FBE6A200C73418 /* webServicePagamentos.json */,
			);
			path = Network;
			sourceTree = "<group>";
		};
		5F6F329F23FBE6ED00C73418 /* Scenes */ = {
			isa = PBXGroup;
			children = (
				5F6F32A023FBE70400C73418 /* ViewCodeProtocol.swift */,
				5F6F32A223FBE71500C73418 /* Tab Bar */,
				5F6F32A523FBE77200C73418 /* Tab 1 */,
				5F6F32A623FBE77F00C73418 /* Tab 2 */,
			);
			path = Scenes;
			sourceTree = "<group>";
		};
		5F6F32A223FBE71500C73418 /* Tab Bar */ = {
			isa = PBXGroup;
			children = (
				5F6F32A323FBE72500C73418 /* TabBarController.swift */,
			);
			path = "Tab Bar";
			sourceTree = "<group>";
		};
		5F6F32A523FBE77200C73418 /* Tab 1 */ = {
			isa = PBXGroup;
			children = (
				5F6F32BA23FC08EC00C73418 /* A CentralDePagamentos */,
				5F6F32BC23FC091200C73418 /* B ListaDePagamentos */,
				5F6F32BB23FC090200C73418 /* C ComprovanteDePagamento */,
			);
			path = "Tab 1";
			sourceTree = "<group>";
		};
		5F6F32A623FBE77F00C73418 /* Tab 2 */ = {
			isa = PBXGroup;
			children = (
				5F6F32B323FBE7EB00C73418 /* OutroViewController.swift */,
			);
			path = "Tab 2";
			sourceTree = "<group>";
		};
		5F6F32B523FBE85E00C73418 /* SharedStyle */ = {
			isa = PBXGroup;
			children = (
				5F6F32B723FBE86E00C73418 /* UIColorExtension.swift */,
				5F6F32B623FBE86E00C73418 /* UIFontExtension.swift */,
			);
			path = SharedStyle;
			sourceTree = "<group>";
		};
		5F6F32BA23FC08EC00C73418 /* A CentralDePagamentos */ = {
			isa = PBXGroup;
			children = (
				5F6F32A823FBE7B500C73418 /* CentralDePagamentos.swift */,
				5F6F32A723FBE7B500C73418 /* CelulaDaCentralDePagamentos.swift */,
			);
			path = "A CentralDePagamentos";
			sourceTree = "<group>";
		};
		5F6F32BB23FC090200C73418 /* C ComprovanteDePagamento */ = {
			isa = PBXGroup;
			children = (
				5F6F32AB23FBE7C700C73418 /* ComprovanteDePagamento.swift */,
				5F6F32AC23FBE7C700C73418 /* CelulaDoComprovanteDePagamento.swift */,
			);
			path = "C ComprovanteDePagamento";
			sourceTree = "<group>";
		};
		5F6F32BC23FC091200C73418 /* B ListaDePagamentos */ = {
			isa = PBXGroup;
			children = (
				5F6F32B023FBE7D700C73418 /* ListaDePagamentos.swift */,
				5F6F32AF23FBE7D700C73418 /* CelulaDaListaDePagamentos.swift */,
			);
			path = "B ListaDePagamentos";
			sourceTree = "<group>";
		};
		5F6F32DF23FC29D100C73418 /* View-Model */ = {
			isa = PBXGroup;
			children = (
				5F6F32DD23FC28EF00C73418 /* ViewModelQuantidadeDePagamentos.swift */,
			);
			path = "View-Model";
			sourceTree = "<group>";
		};
/* End PBXGroup section */

/* Begin PBXNativeTarget section */
		5F6F327423FBE5AE00C73418 /* Example3-MVC-to-MVVM */ = {
			isa = PBXNativeTarget;
			buildConfigurationList = 5F6F328923FBE5B400C73418 /* Build configuration list for PBXNativeTarget "Example3-MVC-to-MVVM" */;
			buildPhases = (
				5F6F327123FBE5AE00C73418 /* Sources */,
				5F6F327223FBE5AE00C73418 /* Frameworks */,
				5F6F327323FBE5AE00C73418 /* Resources */,
			);
			buildRules = (
			);
			dependencies = (
			);
			name = "Example3-MVC-to-MVVM";
			productName = "Example3-MVC-to-MVVM";
			productReference = 5F6F327523FBE5AE00C73418 /* Example3-MVC-to-MVVM.app */;
			productType = "com.apple.product-type.application";
		};
/* End PBXNativeTarget section */

/* Begin PBXProject section */
		5F6F326D23FBE5AE00C73418 /* Project object */ = {
			isa = PBXProject;
			attributes = {
				LastSwiftUpdateCheck = 1130;
				LastUpgradeCheck = 1130;
				ORGANIZATIONNAME = "Applause Codes";
				TargetAttributes = {
					5F6F327423FBE5AE00C73418 = {
						CreatedOnToolsVersion = 11.3;
						LastSwiftMigration = 1130;
					};
				};
			};
			buildConfigurationList = 5F6F327023FBE5AE00C73418 /* Build configuration list for PBXProject "Example3-MVC-to-MVVM" */;
			compatibilityVersion = "Xcode 9.3";
			developmentRegion = en;
			hasScannedForEncodings = 0;
			knownRegions = (
				en,
				Base,
			);
			mainGroup = 5F6F326C23FBE5AE00C73418;
			productRefGroup = 5F6F327623FBE5AE00C73418 /* Products */;
			projectDirPath = "";
			projectRoot = "";
			targets = (
				5F6F327423FBE5AE00C73418 /* Example3-MVC-to-MVVM */,
			);
		};
/* End PBXProject section */

/* Begin PBXResourcesBuildPhase section */
		5F6F327323FBE5AE00C73418 /* Resources */ = {
			isa = PBXResourcesBuildPhase;
			buildActionMask = 2147483647;
			files = (
				5F6F328523FBE5B400C73418 /* LaunchScreen.storyboard in Resources */,
				5F6F329E23FBE6A200C73418 /* webServicePagamentos.json in Resources */,
				5F6F328223FBE5B400C73418 /* Assets.xcassets in Resources */,
			);
			runOnlyForDeploymentPostprocessing = 0;
		};
/* End PBXResourcesBuildPhase section */

/* Begin PBXSourcesBuildPhase section */
		5F6F327123FBE5AE00C73418 /* Sources */ = {
			isa = PBXSourcesBuildPhase;
			buildActionMask = 2147483647;
			files = (
				5F6F32A923FBE7B500C73418 /* CelulaDaCentralDePagamentos.swift in Sources */,
				5F6F32B223FBE7D700C73418 /* ListaDePagamentos.swift in Sources */,
				5F6F32B823FBE86E00C73418 /* UIFontExtension.swift in Sources */,
				5F6F329823FBE66D00C73418 /* PagamentosDoDia.swift in Sources */,
				5F6F32A123FBE70400C73418 /* ViewCodeProtocol.swift in Sources */,
				5F6F32B923FBE86E00C73418 /* UIColorExtension.swift in Sources */,
				5F6F328E23FBE62800C73418 /* AppDelegate.swift in Sources */,
				5F6F32A423FBE72500C73418 /* TabBarController.swift in Sources */,
				5F6F328F23FBE62800C73418 /* SceneDelegate.swift in Sources */,
				5F6F32B123FBE7D700C73418 /* CelulaDaListaDePagamentos.swift in Sources */,
				5F6F32AD23FBE7C700C73418 /* ComprovanteDePagamento.swift in Sources */,
				5F6F329A23FBE66D00C73418 /* TipoDePagamento.swift in Sources */,
				5F6F32AA23FBE7B500C73418 /* CentralDePagamentos.swift in Sources */,
				5F6F32AE23FBE7C700C73418 /* CelulaDoComprovanteDePagamento.swift in Sources */,
				5F6F32DE23FC28EF00C73418 /* ViewModelQuantidadeDePagamentos.swift in Sources */,
				5F6F32B423FBE7EB00C73418 /* OutroViewController.swift in Sources */,
				5F6F329723FBE66D00C73418 /* WebServiceDecoder.swift in Sources */,
				5F6F329B23FBE66D00C73418 /* PagamentosAgrupadosPorTipo.swift in Sources */,
				5F6F329923FBE66D00C73418 /* Pagamento.swift in Sources */,
			);
			runOnlyForDeploymentPostprocessing = 0;
		};
/* End PBXSourcesBuildPhase section */

/* Begin PBXVariantGroup section */
		5F6F328323FBE5B400C73418 /* LaunchScreen.storyboard */ = {
			isa = PBXVariantGroup;
			children = (
				5F6F328423FBE5B400C73418 /* Base */,
			);
			name = LaunchScreen.storyboard;
			sourceTree = "<group>";
		};
/* End PBXVariantGroup section */

/* Begin XCBuildConfiguration section */
		5F6F328723FBE5B400C73418 /* Debug */ = {
			isa = XCBuildConfiguration;
			buildSettings = {
				ALWAYS_SEARCH_USER_PATHS = NO;
				CLANG_ANALYZER_NONNULL = YES;
				CLANG_ANALYZER_NUMBER_OBJECT_CONVERSION = YES_AGGRESSIVE;
				CLANG_CXX_LANGUAGE_STANDARD = "gnu++14";
				CLANG_CXX_LIBRARY = "libc++";
				CLANG_ENABLE_MODULES = YES;
				CLANG_ENABLE_OBJC_ARC = YES;
				CLANG_ENABLE_OBJC_WEAK = YES;
				CLANG_WARN_BLOCK_CAPTURE_AUTORELEASING = YES;
				CLANG_WARN_BOOL_CONVERSION = YES;
				CLANG_WARN_COMMA = YES;
				CLANG_WARN_CONSTANT_CONVERSION = YES;
				CLANG_WARN_DEPRECATED_OBJC_IMPLEMENTATIONS = YES;
				CLANG_WARN_DIRECT_OBJC_ISA_USAGE = YES_ERROR;
				CLANG_WARN_DOCUMENTATION_COMMENTS = YES;
				CLANG_WARN_EMPTY_BODY = YES;
				CLANG_WARN_ENUM_CONVERSION = YES;
				CLANG_WARN_INFINITE_RECURSION = YES;
				CLANG_WARN_INT_CONVERSION = YES;
				CLANG_WARN_NON_LITERAL_NULL_CONVERSION = YES;
				CLANG_WARN_OBJC_IMPLICIT_RETAIN_SELF = YES;
				CLANG_WARN_OBJC_LITERAL_CONVERSION = YES;
				CLANG_WARN_OBJC_ROOT_CLASS = YES_ERROR;
				CLANG_WARN_RANGE_LOOP_ANALYSIS = YES;
				CLANG_WARN_STRICT_PROTOTYPES = YES;
				CLANG_WARN_SUSPICIOUS_MOVE = YES;
				CLANG_WARN_UNGUARDED_AVAILABILITY = YES_AGGRESSIVE;
				CLANG_WARN_UNREACHABLE_CODE = YES;
				CLANG_WARN__DUPLICATE_METHOD_MATCH = YES;
				COPY_PHASE_STRIP = NO;
				DEBUG_INFORMATION_FORMAT = dwarf;
				ENABLE_STRICT_OBJC_MSGSEND = YES;
				ENABLE_TESTABILITY = YES;
				GCC_C_LANGUAGE_STANDARD = gnu11;
				GCC_DYNAMIC_NO_PIC = NO;
				GCC_NO_COMMON_BLOCKS = YES;
				GCC_OPTIMIZATION_LEVEL = 0;
				GCC_PREPROCESSOR_DEFINITIONS = (
					"DEBUG=1",
					"$(inherited)",
				);
				GCC_WARN_64_TO_32_BIT_CONVERSION = YES;
				GCC_WARN_ABOUT_RETURN_TYPE = YES_ERROR;
				GCC_WARN_UNDECLARED_SELECTOR = YES;
				GCC_WARN_UNINITIALIZED_AUTOS = YES_AGGRESSIVE;
				GCC_WARN_UNUSED_FUNCTION = YES;
				GCC_WARN_UNUSED_VARIABLE = YES;
				IPHONEOS_DEPLOYMENT_TARGET = 13.2;
				MTL_ENABLE_DEBUG_INFO = INCLUDE_SOURCE;
				MTL_FAST_MATH = YES;
				ONLY_ACTIVE_ARCH = YES;
				SDKROOT = iphoneos;
				SWIFT_ACTIVE_COMPILATION_CONDITIONS = DEBUG;
				SWIFT_OPTIMIZATION_LEVEL = "-Onone";
			};
			name = Debug;
		};
		5F6F328823FBE5B400C73418 /* Release */ = {
			isa = XCBuildConfiguration;
			buildSettings = {
				ALWAYS_SEARCH_USER_PATHS = NO;
				CLANG_ANALYZER_NONNULL = YES;
				CLANG_ANALYZER_NUMBER_OBJECT_CONVERSION = YES_AGGRESSIVE;
				CLANG_CXX_LANGUAGE_STANDARD = "gnu++14";
				CLANG_CXX_LIBRARY = "libc++";
				CLANG_ENABLE_MODULES = YES;
				CLANG_ENABLE_OBJC_ARC = YES;
				CLANG_ENABLE_OBJC_WEAK = YES;
				CLANG_WARN_BLOCK_CAPTURE_AUTORELEASING = YES;
				CLANG_WARN_BOOL_CONVERSION = YES;
				CLANG_WARN_COMMA = YES;
				CLANG_WARN_CONSTANT_CONVERSION = YES;
				CLANG_WARN_DEPRECATED_OBJC_IMPLEMENTATIONS = YES;
				CLANG_WARN_DIRECT_OBJC_ISA_USAGE = YES_ERROR;
				CLANG_WARN_DOCUMENTATION_COMMENTS = YES;
				CLANG_WARN_EMPTY_BODY = YES;
				CLANG_WARN_ENUM_CONVERSION = YES;
				CLANG_WARN_INFINITE_RECURSION = YES;
				CLANG_WARN_INT_CONVERSION = YES;
				CLANG_WARN_NON_LITERAL_NULL_CONVERSION = YES;
				CLANG_WARN_OBJC_IMPLICIT_RETAIN_SELF = YES;
				CLANG_WARN_OBJC_LITERAL_CONVERSION = YES;
				CLANG_WARN_OBJC_ROOT_CLASS = YES_ERROR;
				CLANG_WARN_RANGE_LOOP_ANALYSIS = YES;
				CLANG_WARN_STRICT_PROTOTYPES = YES;
				CLANG_WARN_SUSPICIOUS_MOVE = YES;
				CLANG_WARN_UNGUARDED_AVAILABILITY = YES_AGGRESSIVE;
				CLANG_WARN_UNREACHABLE_CODE = YES;
				CLANG_WARN__DUPLICATE_METHOD_MATCH = YES;
				COPY_PHASE_STRIP = NO;
				DEBUG_INFORMATION_FORMAT = "dwarf-with-dsym";
				ENABLE_NS_ASSERTIONS = NO;
				ENABLE_STRICT_OBJC_MSGSEND = YES;
				GCC_C_LANGUAGE_STANDARD = gnu11;
				GCC_NO_COMMON_BLOCKS = YES;
				GCC_WARN_64_TO_32_BIT_CONVERSION = YES;
				GCC_WARN_ABOUT_RETURN_TYPE = YES_ERROR;
				GCC_WARN_UNDECLARED_SELECTOR = YES;
				GCC_WARN_UNINITIALIZED_AUTOS = YES_AGGRESSIVE;
				GCC_WARN_UNUSED_FUNCTION = YES;
				GCC_WARN_UNUSED_VARIABLE = YES;
				IPHONEOS_DEPLOYMENT_TARGET = 13.2;
				MTL_ENABLE_DEBUG_INFO = NO;
				MTL_FAST_MATH = YES;
				SDKROOT = iphoneos;
				SWIFT_COMPILATION_MODE = wholemodule;
				SWIFT_OPTIMIZATION_LEVEL = "-O";
				VALIDATE_PRODUCT = YES;
			};
			name = Release;
		};
		5F6F328A23FBE5B400C73418 /* Debug */ = {
			isa = XCBuildConfiguration;
			buildSettings = {
				ASSETCATALOG_COMPILER_APPICON_NAME = AppIcon;
				CLANG_ENABLE_MODULES = YES;
				CODE_SIGN_STYLE = Automatic;
				DEVELOPMENT_TEAM = 9VZ2GX6WB6;
				INFOPLIST_FILE = "Example3-MVC-to-MVVM/Info.plist";
				LD_RUNPATH_SEARCH_PATHS = (
					"$(inherited)",
					"@executable_path/Frameworks",
				);
				PRODUCT_BUNDLE_IDENTIFIER = "codes.applause.Example3-MVC-to-MVVM";
				PRODUCT_NAME = "$(TARGET_NAME)";
				SWIFT_OPTIMIZATION_LEVEL = "-Onone";
				SWIFT_VERSION = 5.0;
				TARGETED_DEVICE_FAMILY = "1,2";
			};
			name = Debug;
		};
		5F6F328B23FBE5B400C73418 /* Release */ = {
			isa = XCBuildConfiguration;
			buildSettings = {
				ASSETCATALOG_COMPILER_APPICON_NAME = AppIcon;
				CLANG_ENABLE_MODULES = YES;
				CODE_SIGN_STYLE = Automatic;
				DEVELOPMENT_TEAM = 9VZ2GX6WB6;
				INFOPLIST_FILE = "Example3-MVC-to-MVVM/Info.plist";
				LD_RUNPATH_SEARCH_PATHS = (
					"$(inherited)",
					"@executable_path/Frameworks",
				);
				PRODUCT_BUNDLE_IDENTIFIER = "codes.applause.Example3-MVC-to-MVVM";
				PRODUCT_NAME = "$(TARGET_NAME)";
				SWIFT_VERSION = 5.0;
				TARGETED_DEVICE_FAMILY = "1,2";
			};
			name = Release;
		};
/* End XCBuildConfiguration section */

/* Begin XCConfigurationList section */
		5F6F327023FBE5AE00C73418 /* Build configuration list for PBXProject "Example3-MVC-to-MVVM" */ = {
			isa = XCConfigurationList;
			buildConfigurations = (
				5F6F328723FBE5B400C73418 /* Debug */,
				5F6F328823FBE5B400C73418 /* Release */,
			);
			defaultConfigurationIsVisible = 0;
			defaultConfigurationName = Release;
		};
		5F6F328923FBE5B400C73418 /* Build configuration list for PBXNativeTarget "Example3-MVC-to-MVVM" */ = {
			isa = XCConfigurationList;
			buildConfigurations = (
				5F6F328A23FBE5B400C73418 /* Debug */,
				5F6F328B23FBE5B400C73418 /* Release */,
			);
			defaultConfigurationIsVisible = 0;
			defaultConfigurationName = Release;
		};
/* End XCConfigurationList section */
	};
	rootObject = 5F6F326D23FBE5AE00C73418 /* Project object */;
}
