// !$*UTF8*$!
{
	archiveVersion = 1;
	classes = {
	};
	objectVersion = 50;
	objects = {

/* Begin PBXBuildFile section */
		5F4D743C23F9EB1E00A54144 /* Assets.xcassets in Resources */ = {isa = PBXBuildFile; fileRef = 5F4D743B23F9EB1E00A54144 /* Assets.xcassets */; };
		5F4D743F23F9EB1E00A54144 /* LaunchScreen.storyboard in Resources */ = {isa = PBXBuildFile; fileRef = 5F4D743D23F9EB1E00A54144 /* LaunchScreen.storyboard */; };
		5F4D744723F9EBC400A54144 /* webServicePagamentos.json in Resources */ = {isa = PBXBuildFile; fileRef = 5F4D744623F9EBC400A54144 /* webServicePagamentos.json */; };
		5F4D744A23F9EC0000A54144 /* PagamentosDoDia.swift in Sources */ = {isa = PBXBuildFile; fileRef = 5F4D744923F9EC0000A54144 /* PagamentosDoDia.swift */; };
		5F4D744C23F9EC1500A54144 /* PagamentosAgrupadosPorTipo.swift in Sources */ = {isa = PBXBuildFile; fileRef = 5F4D744B23F9EC1500A54144 /* PagamentosAgrupadosPorTipo.swift */; };
		5F4D744E23F9EC2400A54144 /* Pagamento.swift in Sources */ = {isa = PBXBuildFile; fileRef = 5F4D744D23F9EC2400A54144 /* Pagamento.swift */; };
		5F4D745023F9EC3600A54144 /* TipoDePagamento.swift in Sources */ = {isa = PBXBuildFile; fileRef = 5F4D744F23F9EC3600A54144 /* TipoDePagamento.swift */; };
		5F4D745223F9EC4700A54144 /* WebServiceDecoder.swift in Sources */ = {isa = PBXBuildFile; fileRef = 5F4D745123F9EC4700A54144 /* WebServiceDecoder.swift */; };
		5F4D745E23FA23A000A54144 /* ViewCodeProtocol.swift in Sources */ = {isa = PBXBuildFile; fileRef = 5F4D745D23FA23A000A54144 /* ViewCodeProtocol.swift */; };
		5F4D746223FA2FB500A54144 /* TabBarController.swift in Sources */ = {isa = PBXBuildFile; fileRef = 5F4D746123FA2FB500A54144 /* TabBarController.swift */; };
		5F4D747E23FB3E2800A54144 /* OutroViewController.swift in Sources */ = {isa = PBXBuildFile; fileRef = 5F4D747D23FB3E2800A54144 /* OutroViewController.swift */; };
		5F4D748923FBCEDA00A54144 /* UIColorExtension.swift in Sources */ = {isa = PBXBuildFile; fileRef = 5F4D748823FBCEDA00A54144 /* UIColorExtension.swift */; };
		5F4D748C23FBD54F00A54144 /* UIFontExtension.swift in Sources */ = {isa = PBXBuildFile; fileRef = 5F4D748B23FBD54F00A54144 /* UIFontExtension.swift */; };
		5F6F330B23FC3F6900C73418 /* AppDelegate.swift in Sources */ = {isa = PBXBuildFile; fileRef = 5F6F330A23FC3F6900C73418 /* AppDelegate.swift */; };
		5F6F330D23FC3F8F00C73418 /* SceneDelegate.swift in Sources */ = {isa = PBXBuildFile; fileRef = 5F6F330C23FC3F8F00C73418 /* SceneDelegate.swift */; };
		5F6F330F23FC40D700C73418 /* CentralDePagamentos.swift in Sources */ = {isa = PBXBuildFile; fileRef = 5F6F330E23FC40D700C73418 /* CentralDePagamentos.swift */; };
		5F6F331123FC410800C73418 /* CelulaDaCentralDePagamentos.swift in Sources */ = {isa = PBXBuildFile; fileRef = 5F6F331023FC410800C73418 /* CelulaDaCentralDePagamentos.swift */; };
		5F6F331323FC415800C73418 /* ListaDePagamentos.swift in Sources */ = {isa = PBXBuildFile; fileRef = 5F6F331223FC415800C73418 /* ListaDePagamentos.swift */; };
		5F6F331523FC418A00C73418 /* CelulaDaListaDePagamentos.swift in Sources */ = {isa = PBXBuildFile; fileRef = 5F6F331423FC418A00C73418 /* CelulaDaListaDePagamentos.swift */; };
		5F6F331723FC41C300C73418 /* ComprovanteDePagamento.swift in Sources */ = {isa = PBXBuildFile; fileRef = 5F6F331623FC41C300C73418 /* ComprovanteDePagamento.swift */; };
		5F6F331923FC41F200C73418 /* CelulaDoComprovanteDePagamento.swift in Sources */ = {isa = PBXBuildFile; fileRef = 5F6F331823FC41F200C73418 /* CelulaDoComprovanteDePagamento.swift */; };
/* End PBXBuildFile section */

/* Begin PBXFileReference section */
		5F4D742F23F9EB1A00A54144 /* Example2-MVC-ViewCode.app */ = {isa = PBXFileReference; explicitFileType = wrapper.application; includeInIndex = 0; path = "Example2-MVC-ViewCode.app"; sourceTree = BUILT_PRODUCTS_DIR; };
		5F4D743B23F9EB1E00A54144 /* Assets.xcassets */ = {isa = PBXFileReference; lastKnownFileType = folder.assetcatalog; path = Assets.xcassets; sourceTree = "<group>"; };
		5F4D743E23F9EB1E00A54144 /* Base */ = {isa = PBXFileReference; lastKnownFileType = file.storyboard; name = Base; path = Base.lproj/LaunchScreen.storyboard; sourceTree = "<group>"; };
		5F4D744023F9EB1E00A54144 /* Info.plist */ = {isa = PBXFileReference; lastKnownFileType = text.plist.xml; path = Info.plist; sourceTree = "<group>"; };
		5F4D744623F9EBC400A54144 /* webServicePagamentos.json */ = {isa = PBXFileReference; lastKnownFileType = text.json; path = webServicePagamentos.json; sourceTree = "<group>"; };
		5F4D744923F9EC0000A54144 /* PagamentosDoDia.swift */ = {isa = PBXFileReference; lastKnownFileType = sourcecode.swift; path = PagamentosDoDia.swift; sourceTree = "<group>"; };
		5F4D744B23F9EC1500A54144 /* PagamentosAgrupadosPorTipo.swift */ = {isa = PBXFileReference; lastKnownFileType = sourcecode.swift; path = PagamentosAgrupadosPorTipo.swift; sourceTree = "<group>"; };
		5F4D744D23F9EC2400A54144 /* Pagamento.swift */ = {isa = PBXFileReference; lastKnownFileType = sourcecode.swift; path = Pagamento.swift; sourceTree = "<group>"; };
		5F4D744F23F9EC3600A54144 /* TipoDePagamento.swift */ = {isa = PBXFileReference; lastKnownFileType = sourcecode.swift; path = TipoDePagamento.swift; sourceTree = "<group>"; };
		5F4D745123F9EC4700A54144 /* WebServiceDecoder.swift */ = {isa = PBXFileReference; lastKnownFileType = sourcecode.swift; path = WebServiceDecoder.swift; sourceTree = "<group>"; };
		5F4D745D23FA23A000A54144 /* ViewCodeProtocol.swift */ = {isa = PBXFileReference; lastKnownFileType = sourcecode.swift; path = ViewCodeProtocol.swift; sourceTree = "<group>"; };
		5F4D746123FA2FB500A54144 /* TabBarController.swift */ = {isa = PBXFileReference; lastKnownFileType = sourcecode.swift; path = TabBarController.swift; sourceTree = "<group>"; };
		5F4D747D23FB3E2800A54144 /* OutroViewController.swift */ = {isa = PBXFileReference; lastKnownFileType = sourcecode.swift; path = OutroViewController.swift; sourceTree = "<group>"; };
		5F4D748823FBCEDA00A54144 /* UIColorExtension.swift */ = {isa = PBXFileReference; lastKnownFileType = sourcecode.swift; path = UIColorExtension.swift; sourceTree = "<group>"; };
		5F4D748B23FBD54F00A54144 /* UIFontExtension.swift */ = {isa = PBXFileReference; lastKnownFileType = sourcecode.swift; path = UIFontExtension.swift; sourceTree = "<group>"; };
		5F6F330A23FC3F6900C73418 /* AppDelegate.swift */ = {isa = PBXFileReference; lastKnownFileType = sourcecode.swift; path = AppDelegate.swift; sourceTree = "<group>"; };
		5F6F330C23FC3F8F00C73418 /* SceneDelegate.swift */ = {isa = PBXFileReference; lastKnownFileType = sourcecode.swift; path = SceneDelegate.swift; sourceTree = "<group>"; };
		5F6F330E23FC40D700C73418 /* CentralDePagamentos.swift */ = {isa = PBXFileReference; lastKnownFileType = sourcecode.swift; path = CentralDePagamentos.swift; sourceTree = "<group>"; };
		5F6F331023FC410800C73418 /* CelulaDaCentralDePagamentos.swift */ = {isa = PBXFileReference; lastKnownFileType = sourcecode.swift; path = CelulaDaCentralDePagamentos.swift; sourceTree = "<group>"; };
		5F6F331223FC415800C73418 /* ListaDePagamentos.swift */ = {isa = PBXFileReference; lastKnownFileType = sourcecode.swift; path = ListaDePagamentos.swift; sourceTree = "<group>"; };
		5F6F331423FC418A00C73418 /* CelulaDaListaDePagamentos.swift */ = {isa = PBXFileReference; lastKnownFileType = sourcecode.swift; path = CelulaDaListaDePagamentos.swift; sourceTree = "<group>"; };
		5F6F331623FC41C300C73418 /* ComprovanteDePagamento.swift */ = {isa = PBXFileReference; lastKnownFileType = sourcecode.swift; path = ComprovanteDePagamento.swift; sourceTree = "<group>"; };
		5F6F331823FC41F200C73418 /* CelulaDoComprovanteDePagamento.swift */ = {isa = PBXFileReference; lastKnownFileType = sourcecode.swift; path = CelulaDoComprovanteDePagamento.swift; sourceTree = "<group>"; };
/* End PBXFileReference section */

/* Begin PBXFrameworksBuildPhase section */
		5F4D742C23F9EB1A00A54144 /* Frameworks */ = {
			isa = PBXFrameworksBuildPhase;
			buildActionMask = 2147483647;
			files = (
			);
			runOnlyForDeploymentPostprocessing = 0;
		};
/* End PBXFrameworksBuildPhase section */

/* Begin PBXGroup section */
		5F4D742623F9EB1A00A54144 = {
			isa = PBXGroup;
			children = (
				5F4D743123F9EB1A00A54144 /* Example2-MVC-ViewCode */,
				5F4D743023F9EB1A00A54144 /* Products */,
			);
			sourceTree = "<group>";
		};
		5F4D743023F9EB1A00A54144 /* Products */ = {
			isa = PBXGroup;
			children = (
				5F4D742F23F9EB1A00A54144 /* Example2-MVC-ViewCode.app */,
			);
			name = Products;
			sourceTree = "<group>";
		};
		5F4D743123F9EB1A00A54144 /* Example2-MVC-ViewCode */ = {
			isa = PBXGroup;
			children = (
				5F4D743D23F9EB1E00A54144 /* LaunchScreen.storyboard */,
				5F4D748A23FBD4FA00A54144 /* SharedStyle */,
				5F4D746423FA30EB00A54144 /* AppDelegate */,
				5F4D744823F9EBE300A54144 /* Network */,
				5F4D745323F9EC6100A54144 /* Model */,
				5F4D745C23F9ECF600A54144 /* Scenes */,
				5F4D743B23F9EB1E00A54144 /* Assets.xcassets */,
				5F4D744023F9EB1E00A54144 /* Info.plist */,
			);
			path = "Example2-MVC-ViewCode";
			sourceTree = "<group>";
		};
		5F4D744823F9EBE300A54144 /* Network */ = {
			isa = PBXGroup;
			children = (
				5F4D744623F9EBC400A54144 /* webServicePagamentos.json */,
			);
			path = Network;
			sourceTree = "<group>";
		};
		5F4D745323F9EC6100A54144 /* Model */ = {
			isa = PBXGroup;
			children = (
				5F4D744923F9EC0000A54144 /* PagamentosDoDia.swift */,
				5F4D744B23F9EC1500A54144 /* PagamentosAgrupadosPorTipo.swift */,
				5F4D744D23F9EC2400A54144 /* Pagamento.swift */,
				5F4D744F23F9EC3600A54144 /* TipoDePagamento.swift */,
				5F4D745123F9EC4700A54144 /* WebServiceDecoder.swift */,
			);
			path = Model;
			sourceTree = "<group>";
		};
		5F4D745C23F9ECF600A54144 /* Scenes */ = {
			isa = PBXGroup;
			children = (
				5F4D745D23FA23A000A54144 /* ViewCodeProtocol.swift */,
				5F4D747423FAB05500A54144 /* Tab Bar */,
				5F4D747F23FB3E3400A54144 /* Tab 1 */,
				5F4D748023FB3E4200A54144 /* Tab 2 */,
			);
			path = Scenes;
			sourceTree = "<group>";
		};
		5F4D746423FA30EB00A54144 /* AppDelegate */ = {
			isa = PBXGroup;
			children = (
				5F6F330A23FC3F6900C73418 /* AppDelegate.swift */,
				5F6F330C23FC3F8F00C73418 /* SceneDelegate.swift */,
			);
			path = AppDelegate;
			sourceTree = "<group>";
		};
		5F4D747423FAB05500A54144 /* Tab Bar */ = {
			isa = PBXGroup;
			children = (
				5F4D746123FA2FB500A54144 /* TabBarController.swift */,
			);
			path = "Tab Bar";
			sourceTree = "<group>";
		};
		5F4D747F23FB3E3400A54144 /* Tab 1 */ = {
			isa = PBXGroup;
			children = (
				5F4D748123FB432E00A54144 /* CentralDePagamentos */,
				5F4D748223FB433E00A54144 /* ListaDePagamentos */,
				5F4D748323FB535000A54144 /* Comprovante */,
			);
			path = "Tab 1";
			sourceTree = "<group>";
		};
		5F4D748023FB3E4200A54144 /* Tab 2 */ = {
			isa = PBXGroup;
			children = (
				5F4D747D23FB3E2800A54144 /* OutroViewController.swift */,
			);
			path = "Tab 2";
			sourceTree = "<group>";
		};
		5F4D748123FB432E00A54144 /* CentralDePagamentos */ = {
			isa = PBXGroup;
			children = (
				5F6F330E23FC40D700C73418 /* CentralDePagamentos.swift */,
				5F6F331023FC410800C73418 /* CelulaDaCentralDePagamentos.swift */,
			);
			path = CentralDePagamentos;
			sourceTree = "<group>";
		};
		5F4D748223FB433E00A54144 /* ListaDePagamentos */ = {
			isa = PBXGroup;
			children = (
				5F6F331223FC415800C73418 /* ListaDePagamentos.swift */,
				5F6F331423FC418A00C73418 /* CelulaDaListaDePagamentos.swift */,
			);
			path = ListaDePagamentos;
			sourceTree = "<group>";
		};
		5F4D748323FB535000A54144 /* Comprovante */ = {
			isa = PBXGroup;
			children = (
				5F6F331623FC41C300C73418 /* ComprovanteDePagamento.swift */,
				5F6F331823FC41F200C73418 /* CelulaDoComprovanteDePagamento.swift */,
			);
			path = Comprovante;
			sourceTree = "<group>";
		};
		5F4D748A23FBD4FA00A54144 /* SharedStyle */ = {
			isa = PBXGroup;
			children = (
				5F4D748823FBCEDA00A54144 /* UIColorExtension.swift */,
				5F4D748B23FBD54F00A54144 /* UIFontExtension.swift */,
			);
			path = SharedStyle;
			sourceTree = "<group>";
		};
/* End PBXGroup section */

/* Begin PBXNativeTarget section */
		5F4D742E23F9EB1A00A54144 /* Example2-MVC-ViewCode */ = {
			isa = PBXNativeTarget;
			buildConfigurationList = 5F4D744323F9EB1E00A54144 /* Build configuration list for PBXNativeTarget "Example2-MVC-ViewCode" */;
			buildPhases = (
				5F4D742B23F9EB1A00A54144 /* Sources */,
				5F4D742C23F9EB1A00A54144 /* Frameworks */,
				5F4D742D23F9EB1A00A54144 /* Resources */,
			);
			buildRules = (
			);
			dependencies = (
			);
			name = "Example2-MVC-ViewCode";
			productName = "Example2-MVC-ViewCode";
			productReference = 5F4D742F23F9EB1A00A54144 /* Example2-MVC-ViewCode.app */;
			productType = "com.apple.product-type.application";
		};
/* End PBXNativeTarget section */

/* Begin PBXProject section */
		5F4D742723F9EB1A00A54144 /* Project object */ = {
			isa = PBXProject;
			attributes = {
				LastSwiftUpdateCheck = 1130;
				LastUpgradeCheck = 1130;
				ORGANIZATIONNAME = "Applause Codes";
				TargetAttributes = {
					5F4D742E23F9EB1A00A54144 = {
						CreatedOnToolsVersion = 11.3;
					};
				};
			};
			buildConfigurationList = 5F4D742A23F9EB1A00A54144 /* Build configuration list for PBXProject "Example2-MVC-ViewCode" */;
			compatibilityVersion = "Xcode 9.3";
			developmentRegion = en;
			hasScannedForEncodings = 0;
			knownRegions = (
				en,
				Base,
			);
			mainGroup = 5F4D742623F9EB1A00A54144;
			productRefGroup = 5F4D743023F9EB1A00A54144 /* Products */;
			projectDirPath = "";
			projectRoot = "";
			targets = (
				5F4D742E23F9EB1A00A54144 /* Example2-MVC-ViewCode */,
			);
		};
/* End PBXProject section */

/* Begin PBXResourcesBuildPhase section */
		5F4D742D23F9EB1A00A54144 /* Resources */ = {
			isa = PBXResourcesBuildPhase;
			buildActionMask = 2147483647;
			files = (
				5F4D743F23F9EB1E00A54144 /* LaunchScreen.storyboard in Resources */,
				5F4D743C23F9EB1E00A54144 /* Assets.xcassets in Resources */,
				5F4D744723F9EBC400A54144 /* webServicePagamentos.json in Resources */,
			);
			runOnlyForDeploymentPostprocessing = 0;
		};
/* End PBXResourcesBuildPhase section */

/* Begin PBXSourcesBuildPhase section */
		5F4D742B23F9EB1A00A54144 /* Sources */ = {
			isa = PBXSourcesBuildPhase;
			buildActionMask = 2147483647;
			files = (
				5F4D744E23F9EC2400A54144 /* Pagamento.swift in Sources */,
				5F6F331923FC41F200C73418 /* CelulaDoComprovanteDePagamento.swift in Sources */,
				5F4D746223FA2FB500A54144 /* TabBarController.swift in Sources */,
				5F4D744A23F9EC0000A54144 /* PagamentosDoDia.swift in Sources */,
				5F4D745E23FA23A000A54144 /* ViewCodeProtocol.swift in Sources */,
				5F4D745023F9EC3600A54144 /* TipoDePagamento.swift in Sources */,
				5F6F330D23FC3F8F00C73418 /* SceneDelegate.swift in Sources */,
				5F6F331323FC415800C73418 /* ListaDePagamentos.swift in Sources */,
				5F6F330F23FC40D700C73418 /* CentralDePagamentos.swift in Sources */,
				5F4D744C23F9EC1500A54144 /* PagamentosAgrupadosPorTipo.swift in Sources */,
				5F6F330B23FC3F6900C73418 /* AppDelegate.swift in Sources */,
				5F4D747E23FB3E2800A54144 /* OutroViewController.swift in Sources */,
				5F6F331123FC410800C73418 /* CelulaDaCentralDePagamentos.swift in Sources */,
				5F4D745223F9EC4700A54144 /* WebServiceDecoder.swift in Sources */,
				5F4D748C23FBD54F00A54144 /* UIFontExtension.swift in Sources */,
				5F6F331723FC41C300C73418 /* ComprovanteDePagamento.swift in Sources */,
				5F6F331523FC418A00C73418 /* CelulaDaListaDePagamentos.swift in Sources */,
				5F4D748923FBCEDA00A54144 /* UIColorExtension.swift in Sources */,
			);
			runOnlyForDeploymentPostprocessing = 0;
		};
/* End PBXSourcesBuildPhase section */

/* Begin PBXVariantGroup section */
		5F4D743D23F9EB1E00A54144 /* LaunchScreen.storyboard */ = {
			isa = PBXVariantGroup;
			children = (
				5F4D743E23F9EB1E00A54144 /* Base */,
			);
			name = LaunchScreen.storyboard;
			sourceTree = "<group>";
		};
/* End PBXVariantGroup section */

/* Begin XCBuildConfiguration section */
		5F4D744123F9EB1E00A54144 /* Debug */ = {
			isa = XCBuildConfiguration;
			buildSettings = {
				ALWAYS_SEARCH_USER_PATHS = NO;
				CLANG_ANALYZER_NONNULL = YES;
				CLANG_ANALYZER_NUMBER_OBJECT_CONVERSION = YES_AGGRESSIVE;
				CLANG_CXX_LANGUAGE_STANDARD = "gnu++14";
				CLANG_CXX_LIBRARY = "libc++";
				CLANG_ENABLE_MODULES = YES;
				CLANG_ENABLE_OBJC_ARC = YES;
				CLANG_ENABLE_OBJC_WEAK = YES;
				CLANG_WARN_BLOCK_CAPTURE_AUTORELEASING = YES;
				CLANG_WARN_BOOL_CONVERSION = YES;
				CLANG_WARN_COMMA = YES;
				CLANG_WARN_CONSTANT_CONVERSION = YES;
				CLANG_WARN_DEPRECATED_OBJC_IMPLEMENTATIONS = YES;
				CLANG_WARN_DIRECT_OBJC_ISA_USAGE = YES_ERROR;
				CLANG_WARN_DOCUMENTATION_COMMENTS = YES;
				CLANG_WARN_EMPTY_BODY = YES;
				CLANG_WARN_ENUM_CONVERSION = YES;
				CLANG_WARN_INFINITE_RECURSION = YES;
				CLANG_WARN_INT_CONVERSION = YES;
				CLANG_WARN_NON_LITERAL_NULL_CONVERSION = YES;
				CLANG_WARN_OBJC_IMPLICIT_RETAIN_SELF = YES;
				CLANG_WARN_OBJC_LITERAL_CONVERSION = YES;
				CLANG_WARN_OBJC_ROOT_CLASS = YES_ERROR;
				CLANG_WARN_RANGE_LOOP_ANALYSIS = YES;
				CLANG_WARN_STRICT_PROTOTYPES = YES;
				CLANG_WARN_SUSPICIOUS_MOVE = YES;
				CLANG_WARN_UNGUARDED_AVAILABILITY = YES_AGGRESSIVE;
				CLANG_WARN_UNREACHABLE_CODE = YES;
				CLANG_WARN__DUPLICATE_METHOD_MATCH = YES;
				COPY_PHASE_STRIP = NO;
				DEBUG_INFORMATION_FORMAT = dwarf;
				ENABLE_STRICT_OBJC_MSGSEND = YES;
				ENABLE_TESTABILITY = YES;
				GCC_C_LANGUAGE_STANDARD = gnu11;
				GCC_DYNAMIC_NO_PIC = NO;
				GCC_NO_COMMON_BLOCKS = YES;
				GCC_OPTIMIZATION_LEVEL = 0;
				GCC_PREPROCESSOR_DEFINITIONS = (
					"DEBUG=1",
					"$(inherited)",
				);
				GCC_WARN_64_TO_32_BIT_CONVERSION = YES;
				GCC_WARN_ABOUT_RETURN_TYPE = YES_ERROR;
				GCC_WARN_UNDECLARED_SELECTOR = YES;
				GCC_WARN_UNINITIALIZED_AUTOS = YES_AGGRESSIVE;
				GCC_WARN_UNUSED_FUNCTION = YES;
				GCC_WARN_UNUSED_VARIABLE = YES;
				IPHONEOS_DEPLOYMENT_TARGET = 13.2;
				MTL_ENABLE_DEBUG_INFO = INCLUDE_SOURCE;
				MTL_FAST_MATH = YES;
				ONLY_ACTIVE_ARCH = YES;
				SDKROOT = iphoneos;
				SWIFT_ACTIVE_COMPILATION_CONDITIONS = DEBUG;
				SWIFT_OPTIMIZATION_LEVEL = "-Onone";
			};
			name = Debug;
		};
		5F4D744223F9EB1E00A54144 /* Release */ = {
			isa = XCBuildConfiguration;
			buildSettings = {
				ALWAYS_SEARCH_USER_PATHS = NO;
				CLANG_ANALYZER_NONNULL = YES;
				CLANG_ANALYZER_NUMBER_OBJECT_CONVERSION = YES_AGGRESSIVE;
				CLANG_CXX_LANGUAGE_STANDARD = "gnu++14";
				CLANG_CXX_LIBRARY = "libc++";
				CLANG_ENABLE_MODULES = YES;
				CLANG_ENABLE_OBJC_ARC = YES;
				CLANG_ENABLE_OBJC_WEAK = YES;
				CLANG_WARN_BLOCK_CAPTURE_AUTORELEASING = YES;
				CLANG_WARN_BOOL_CONVERSION = YES;
				CLANG_WARN_COMMA = YES;
				CLANG_WARN_CONSTANT_CONVERSION = YES;
				CLANG_WARN_DEPRECATED_OBJC_IMPLEMENTATIONS = YES;
				CLANG_WARN_DIRECT_OBJC_ISA_USAGE = YES_ERROR;
				CLANG_WARN_DOCUMENTATION_COMMENTS = YES;
				CLANG_WARN_EMPTY_BODY = YES;
				CLANG_WARN_ENUM_CONVERSION = YES;
				CLANG_WARN_INFINITE_RECURSION = YES;
				CLANG_WARN_INT_CONVERSION = YES;
				CLANG_WARN_NON_LITERAL_NULL_CONVERSION = YES;
				CLANG_WARN_OBJC_IMPLICIT_RETAIN_SELF = YES;
				CLANG_WARN_OBJC_LITERAL_CONVERSION = YES;
				CLANG_WARN_OBJC_ROOT_CLASS = YES_ERROR;
				CLANG_WARN_RANGE_LOOP_ANALYSIS = YES;
				CLANG_WARN_STRICT_PROTOTYPES = YES;
				CLANG_WARN_SUSPICIOUS_MOVE = YES;
				CLANG_WARN_UNGUARDED_AVAILABILITY = YES_AGGRESSIVE;
				CLANG_WARN_UNREACHABLE_CODE = YES;
				CLANG_WARN__DUPLICATE_METHOD_MATCH = YES;
				COPY_PHASE_STRIP = NO;
				DEBUG_INFORMATION_FORMAT = "dwarf-with-dsym";
				ENABLE_NS_ASSERTIONS = NO;
				ENABLE_STRICT_OBJC_MSGSEND = YES;
				GCC_C_LANGUAGE_STANDARD = gnu11;
				GCC_NO_COMMON_BLOCKS = YES;
				GCC_WARN_64_TO_32_BIT_CONVERSION = YES;
				GCC_WARN_ABOUT_RETURN_TYPE = YES_ERROR;
				GCC_WARN_UNDECLARED_SELECTOR = YES;
				GCC_WARN_UNINITIALIZED_AUTOS = YES_AGGRESSIVE;
				GCC_WARN_UNUSED_FUNCTION = YES;
				GCC_WARN_UNUSED_VARIABLE = YES;
				IPHONEOS_DEPLOYMENT_TARGET = 13.2;
				MTL_ENABLE_DEBUG_INFO = NO;
				MTL_FAST_MATH = YES;
				SDKROOT = iphoneos;
				SWIFT_COMPILATION_MODE = wholemodule;
				SWIFT_OPTIMIZATION_LEVEL = "-O";
				VALIDATE_PRODUCT = YES;
			};
			name = Release;
		};
		5F4D744423F9EB1E00A54144 /* Debug */ = {
			isa = XCBuildConfiguration;
			buildSettings = {
				ASSETCATALOG_COMPILER_APPICON_NAME = AppIcon;
				CODE_SIGN_STYLE = Automatic;
				DEVELOPMENT_TEAM = 9VZ2GX6WB6;
				INFOPLIST_FILE = "Example2-MVC-ViewCode/Info.plist";
				LD_RUNPATH_SEARCH_PATHS = (
					"$(inherited)",
					"@executable_path/Frameworks",
				);
				PRODUCT_BUNDLE_IDENTIFIER = "codes.applause.Example2-MVC-ViewCode";
				PRODUCT_NAME = "$(TARGET_NAME)";
				SWIFT_VERSION = 5.0;
				TARGETED_DEVICE_FAMILY = "1,2";
			};
			name = Debug;
		};
		5F4D744523F9EB1E00A54144 /* Release */ = {
			isa = XCBuildConfiguration;
			buildSettings = {
				ASSETCATALOG_COMPILER_APPICON_NAME = AppIcon;
				CODE_SIGN_STYLE = Automatic;
				DEVELOPMENT_TEAM = 9VZ2GX6WB6;
				INFOPLIST_FILE = "Example2-MVC-ViewCode/Info.plist";
				LD_RUNPATH_SEARCH_PATHS = (
					"$(inherited)",
					"@executable_path/Frameworks",
				);
				PRODUCT_BUNDLE_IDENTIFIER = "codes.applause.Example2-MVC-ViewCode";
				PRODUCT_NAME = "$(TARGET_NAME)";
				SWIFT_VERSION = 5.0;
				TARGETED_DEVICE_FAMILY = "1,2";
			};
			name = Release;
		};
/* End XCBuildConfiguration section */

/* Begin XCConfigurationList section */
		5F4D742A23F9EB1A00A54144 /* Build configuration list for PBXProject "Example2-MVC-ViewCode" */ = {
			isa = XCConfigurationList;
			buildConfigurations = (
				5F4D744123F9EB1E00A54144 /* Debug */,
				5F4D744223F9EB1E00A54144 /* Release */,
			);
			defaultConfigurationIsVisible = 0;
			defaultConfigurationName = Release;
		};
		5F4D744323F9EB1E00A54144 /* Build configuration list for PBXNativeTarget "Example2-MVC-ViewCode" */ = {
			isa = XCConfigurationList;
			buildConfigurations = (
				5F4D744423F9EB1E00A54144 /* Debug */,
				5F4D744523F9EB1E00A54144 /* Release */,
			);
			defaultConfigurationIsVisible = 0;
			defaultConfigurationName = Release;
		};
/* End XCConfigurationList section */
	};
	rootObject = 5F4D742723F9EB1A00A54144 /* Project object */;
}
