// !$*UTF8*$!
{
	archiveVersion = 1;
	classes = {
	};
	objectVersion = 50;
	objects = {

/* Begin PBXBuildFile section */
		5F4D73FD23F7F18E00A54144 /* TipoDePagamento.swift in Sources */ = {isa = PBXBuildFile; fileRef = 5F4D73FC23F7F18E00A54144 /* TipoDePagamento.swift */; };
		5F4D73FF23F811D800A54144 /* ComprovanteDePagamento.swift in Sources */ = {isa = PBXBuildFile; fileRef = 5F4D73FE23F811D800A54144 /* ComprovanteDePagamento.swift */; };
		5F4D740123F8249F00A54144 /* CelulaDaListaDePagamentos.swift in Sources */ = {isa = PBXBuildFile; fileRef = 5F4D740023F8249F00A54144 /* CelulaDaListaDePagamentos.swift */; };
		5F4D740323F9884000A54144 /* PagamentosAgrupadosPorTipo.swift in Sources */ = {isa = PBXBuildFile; fileRef = 5F4D740223F9884000A54144 /* PagamentosAgrupadosPorTipo.swift */; };
		5F4D740523F9A66300A54144 /* PagamentosDoDia.swift in Sources */ = {isa = PBXBuildFile; fileRef = 5F4D740423F9A66300A54144 /* PagamentosDoDia.swift */; };
		5FA35DE223F6BE9C0045ED5C /* AppDelegate.swift in Sources */ = {isa = PBXBuildFile; fileRef = 5FA35DE123F6BE9C0045ED5C /* AppDelegate.swift */; };
		5FA35DE423F6BE9C0045ED5C /* SceneDelegate.swift in Sources */ = {isa = PBXBuildFile; fileRef = 5FA35DE323F6BE9C0045ED5C /* SceneDelegate.swift */; };
		5FA35DE923F6BE9C0045ED5C /* Main.storyboard in Resources */ = {isa = PBXBuildFile; fileRef = 5FA35DE723F6BE9C0045ED5C /* Main.storyboard */; };
		5FA35DEB23F6BEA00045ED5C /* Assets.xcassets in Resources */ = {isa = PBXBuildFile; fileRef = 5FA35DEA23F6BEA00045ED5C /* Assets.xcassets */; };
		5FA35DEE23F6BEA00045ED5C /* LaunchScreen.storyboard in Resources */ = {isa = PBXBuildFile; fileRef = 5FA35DEC23F6BEA00045ED5C /* LaunchScreen.storyboard */; };
		5FA35E0D23F7484B0045ED5C /* webServicePagamentos.json in Resources */ = {isa = PBXBuildFile; fileRef = 5FA35E0C23F71CD50045ED5C /* webServicePagamentos.json */; };
		5FA35E0F23F75FEE0045ED5C /* WebServiceDecoder.swift in Sources */ = {isa = PBXBuildFile; fileRef = 5FA35E0E23F75FED0045ED5C /* WebServiceDecoder.swift */; };
		5FA35E1123F7612A0045ED5C /* Pagamento.swift in Sources */ = {isa = PBXBuildFile; fileRef = 5FA35E1023F761290045ED5C /* Pagamento.swift */; };
		5FA35E1723F763060045ED5C /* CentralDePagamentos.swift in Sources */ = {isa = PBXBuildFile; fileRef = 5FA35E1623F763060045ED5C /* CentralDePagamentos.swift */; };
		5FA35E1923F7631F0045ED5C /* ListaDePagamentos.swift in Sources */ = {isa = PBXBuildFile; fileRef = 5FA35E1823F7631F0045ED5C /* ListaDePagamentos.swift */; };
/* End PBXBuildFile section */

/* Begin PBXFileReference section */
		5F4D73FC23F7F18E00A54144 /* TipoDePagamento.swift */ = {isa = PBXFileReference; lastKnownFileType = sourcecode.swift; path = TipoDePagamento.swift; sourceTree = "<group>"; };
		5F4D73FE23F811D800A54144 /* ComprovanteDePagamento.swift */ = {isa = PBXFileReference; lastKnownFileType = sourcecode.swift; path = ComprovanteDePagamento.swift; sourceTree = "<group>"; };
		5F4D740023F8249F00A54144 /* CelulaDaListaDePagamentos.swift */ = {isa = PBXFileReference; lastKnownFileType = sourcecode.swift; path = CelulaDaListaDePagamentos.swift; sourceTree = "<group>"; };
		5F4D740223F9884000A54144 /* PagamentosAgrupadosPorTipo.swift */ = {isa = PBXFileReference; lastKnownFileType = sourcecode.swift; path = PagamentosAgrupadosPorTipo.swift; sourceTree = "<group>"; };
		5F4D740423F9A66300A54144 /* PagamentosDoDia.swift */ = {isa = PBXFileReference; lastKnownFileType = sourcecode.swift; path = PagamentosDoDia.swift; sourceTree = "<group>"; };
		5FA35DDE23F6BE9C0045ED5C /* Example1-MVC.app */ = {isa = PBXFileReference; explicitFileType = wrapper.application; includeInIndex = 0; path = "Example1-MVC.app"; sourceTree = BUILT_PRODUCTS_DIR; };
		5FA35DE123F6BE9C0045ED5C /* AppDelegate.swift */ = {isa = PBXFileReference; lastKnownFileType = sourcecode.swift; path = AppDelegate.swift; sourceTree = "<group>"; };
		5FA35DE323F6BE9C0045ED5C /* SceneDelegate.swift */ = {isa = PBXFileReference; lastKnownFileType = sourcecode.swift; path = SceneDelegate.swift; sourceTree = "<group>"; };
		5FA35DE823F6BE9C0045ED5C /* Base */ = {isa = PBXFileReference; lastKnownFileType = file.storyboard; name = Base; path = Base.lproj/Main.storyboard; sourceTree = "<group>"; };
		5FA35DEA23F6BEA00045ED5C /* Assets.xcassets */ = {isa = PBXFileReference; lastKnownFileType = folder.assetcatalog; path = Assets.xcassets; sourceTree = "<group>"; };
		5FA35DED23F6BEA00045ED5C /* Base */ = {isa = PBXFileReference; lastKnownFileType = file.storyboard; name = Base; path = Base.lproj/LaunchScreen.storyboard; sourceTree = "<group>"; };
		5FA35DEF23F6BEA00045ED5C /* Info.plist */ = {isa = PBXFileReference; lastKnownFileType = text.plist.xml; path = Info.plist; sourceTree = "<group>"; };
		5FA35E0C23F71CD50045ED5C /* webServicePagamentos.json */ = {isa = PBXFileReference; lastKnownFileType = text.json; path = webServicePagamentos.json; sourceTree = "<group>"; };
		5FA35E0E23F75FED0045ED5C /* WebServiceDecoder.swift */ = {isa = PBXFileReference; lastKnownFileType = sourcecode.swift; path = WebServiceDecoder.swift; sourceTree = "<group>"; };
		5FA35E1023F761290045ED5C /* Pagamento.swift */ = {isa = PBXFileReference; lastKnownFileType = sourcecode.swift; path = Pagamento.swift; sourceTree = "<group>"; };
		5FA35E1623F763060045ED5C /* CentralDePagamentos.swift */ = {isa = PBXFileReference; lastKnownFileType = sourcecode.swift; path = CentralDePagamentos.swift; sourceTree = "<group>"; };
		5FA35E1823F7631F0045ED5C /* ListaDePagamentos.swift */ = {isa = PBXFileReference; lastKnownFileType = sourcecode.swift; path = ListaDePagamentos.swift; sourceTree = "<group>"; };
		5FA35E1A23F76A720045ED5C /* TODO.md */ = {isa = PBXFileReference; lastKnownFileType = net.daringfireball.markdown; path = TODO.md; sourceTree = "<group>"; };
/* End PBXFileReference section */

/* Begin PBXFrameworksBuildPhase section */
		5FA35DDB23F6BE9C0045ED5C /* Frameworks */ = {
			isa = PBXFrameworksBuildPhase;
			buildActionMask = 2147483647;
			files = (
			);
			runOnlyForDeploymentPostprocessing = 0;
		};
/* End PBXFrameworksBuildPhase section */

/* Begin PBXGroup section */
		5FA35DD523F6BE9C0045ED5C = {
			isa = PBXGroup;
			children = (
				5FA35E1A23F76A720045ED5C /* TODO.md */,
				5FA35DE023F6BE9C0045ED5C /* Example1-MVC */,
				5FA35DDF23F6BE9C0045ED5C /* Products */,
			);
			sourceTree = "<group>";
		};
		5FA35DDF23F6BE9C0045ED5C /* Products */ = {
			isa = PBXGroup;
			children = (
				5FA35DDE23F6BE9C0045ED5C /* Example1-MVC.app */,
			);
			name = Products;
			sourceTree = "<group>";
		};
		5FA35DE023F6BE9C0045ED5C /* Example1-MVC */ = {
			isa = PBXGroup;
			children = (
				5FA35DEC23F6BEA00045ED5C /* LaunchScreen.storyboard */,
				5FA35DE723F6BE9C0045ED5C /* Main.storyboard */,
				5FA35E1323F761840045ED5C /* App Delegates */,
				5FA35E0B23F71C2D0045ED5C /* Network */,
				5FA35E1223F761640045ED5C /* Model */,
				5FA35E1523F761E80045ED5C /* Scenes */,
				5FA35DEA23F6BEA00045ED5C /* Assets.xcassets */,
				5FA35DEF23F6BEA00045ED5C /* Info.plist */,
			);
			path = "Example1-MVC";
			sourceTree = "<group>";
		};
		5FA35E0B23F71C2D0045ED5C /* Network */ = {
			isa = PBXGroup;
			children = (
				5FA35E0C23F71CD50045ED5C /* webServicePagamentos.json */,
			);
			path = Network;
			sourceTree = "<group>";
		};
		5FA35E1223F761640045ED5C /* Model */ = {
			isa = PBXGroup;
			children = (
				5F4D740423F9A66300A54144 /* PagamentosDoDia.swift */,
				5F4D740223F9884000A54144 /* PagamentosAgrupadosPorTipo.swift */,
				5FA35E1023F761290045ED5C /* Pagamento.swift */,
				5F4D73FC23F7F18E00A54144 /* TipoDePagamento.swift */,
				5FA35E0E23F75FED0045ED5C /* WebServiceDecoder.swift */,
			);
			path = Model;
			sourceTree = "<group>";
		};
		5FA35E1323F761840045ED5C /* App Delegates */ = {
			isa = PBXGroup;
			children = (
				5FA35DE123F6BE9C0045ED5C /* AppDelegate.swift */,
				5FA35DE323F6BE9C0045ED5C /* SceneDelegate.swift */,
			);
			path = "App Delegates";
			sourceTree = "<group>";
		};
		5FA35E1523F761E80045ED5C /* Scenes */ = {
			isa = PBXGroup;
			children = (
				5FA35E1623F763060045ED5C /* CentralDePagamentos.swift */,
				5FA35E1823F7631F0045ED5C /* ListaDePagamentos.swift */,
				5F4D740023F8249F00A54144 /* CelulaDaListaDePagamentos.swift */,
				5F4D73FE23F811D800A54144 /* ComprovanteDePagamento.swift */,
			);
			path = Scenes;
			sourceTree = "<group>";
		};
/* End PBXGroup section */

/* Begin PBXNativeTarget section */
		5FA35DDD23F6BE9C0045ED5C /* Example1-MVC */ = {
			isa = PBXNativeTarget;
			buildConfigurationList = 5FA35DF223F6BEA00045ED5C /* Build configuration list for PBXNativeTarget "Example1-MVC" */;
			buildPhases = (
				5FA35DDA23F6BE9C0045ED5C /* Sources */,
				5FA35DDB23F6BE9C0045ED5C /* Frameworks */,
				5FA35DDC23F6BE9C0045ED5C /* Resources */,
			);
			buildRules = (
			);
			dependencies = (
			);
			name = "Example1-MVC";
			productName = "Example1-MVC";
			productReference = 5FA35DDE23F6BE9C0045ED5C /* Example1-MVC.app */;
			productType = "com.apple.product-type.application";
		};
/* End PBXNativeTarget section */

/* Begin PBXProject section */
		5FA35DD623F6BE9C0045ED5C /* Project object */ = {
			isa = PBXProject;
			attributes = {
				LastSwiftUpdateCheck = 1130;
				LastUpgradeCheck = 1130;
				ORGANIZATIONNAME = "Applause Codes";
				TargetAttributes = {
					5FA35DDD23F6BE9C0045ED5C = {
						CreatedOnToolsVersion = 11.3;
					};
				};
			};
			buildConfigurationList = 5FA35DD923F6BE9C0045ED5C /* Build configuration list for PBXProject "Example1-MVC" */;
			compatibilityVersion = "Xcode 9.3";
			developmentRegion = en;
			hasScannedForEncodings = 0;
			knownRegions = (
				en,
				Base,
			);
			mainGroup = 5FA35DD523F6BE9C0045ED5C;
			productRefGroup = 5FA35DDF23F6BE9C0045ED5C /* Products */;
			projectDirPath = "";
			projectRoot = "";
			targets = (
				5FA35DDD23F6BE9C0045ED5C /* Example1-MVC */,
			);
		};
/* End PBXProject section */

/* Begin PBXResourcesBuildPhase section */
		5FA35DDC23F6BE9C0045ED5C /* Resources */ = {
			isa = PBXResourcesBuildPhase;
			buildActionMask = 2147483647;
			files = (
				5FA35E0D23F7484B0045ED5C /* webServicePagamentos.json in Resources */,
				5FA35DEE23F6BEA00045ED5C /* LaunchScreen.storyboard in Resources */,
				5FA35DEB23F6BEA00045ED5C /* Assets.xcassets in Resources */,
				5FA35DE923F6BE9C0045ED5C /* Main.storyboard in Resources */,
			);
			runOnlyForDeploymentPostprocessing = 0;
		};
/* End PBXResourcesBuildPhase section */

/* Begin PBXSourcesBuildPhase section */
		5FA35DDA23F6BE9C0045ED5C /* Sources */ = {
			isa = PBXSourcesBuildPhase;
			buildActionMask = 2147483647;
			files = (
				5FA35E0F23F75FEE0045ED5C /* WebServiceDecoder.swift in Sources */,
				5F4D73FD23F7F18E00A54144 /* TipoDePagamento.swift in Sources */,
				5FA35E1923F7631F0045ED5C /* ListaDePagamentos.swift in Sources */,
				5FA35E1723F763060045ED5C /* CentralDePagamentos.swift in Sources */,
				5FA35DE223F6BE9C0045ED5C /* AppDelegate.swift in Sources */,
				5FA35DE423F6BE9C0045ED5C /* SceneDelegate.swift in Sources */,
				5FA35E1123F7612A0045ED5C /* Pagamento.swift in Sources */,
				5F4D73FF23F811D800A54144 /* ComprovanteDePagamento.swift in Sources */,
				5F4D740523F9A66300A54144 /* PagamentosDoDia.swift in Sources */,
				5F4D740323F9884000A54144 /* PagamentosAgrupadosPorTipo.swift in Sources */,
				5F4D740123F8249F00A54144 /* CelulaDaListaDePagamentos.swift in Sources */,
			);
			runOnlyForDeploymentPostprocessing = 0;
		};
/* End PBXSourcesBuildPhase section */

/* Begin PBXVariantGroup section */
		5FA35DE723F6BE9C0045ED5C /* Main.storyboard */ = {
			isa = PBXVariantGroup;
			children = (
				5FA35DE823F6BE9C0045ED5C /* Base */,
			);
			name = Main.storyboard;
			sourceTree = "<group>";
		};
		5FA35DEC23F6BEA00045ED5C /* LaunchScreen.storyboard */ = {
			isa = PBXVariantGroup;
			children = (
				5FA35DED23F6BEA00045ED5C /* Base */,
			);
			name = LaunchScreen.storyboard;
			sourceTree = "<group>";
		};
/* End PBXVariantGroup section */

/* Begin XCBuildConfiguration section */
		5FA35DF023F6BEA00045ED5C /* Debug */ = {
			isa = XCBuildConfiguration;
			buildSettings = {
				ALWAYS_SEARCH_USER_PATHS = NO;
				CLANG_ANALYZER_NONNULL = YES;
				CLANG_ANALYZER_NUMBER_OBJECT_CONVERSION = YES_AGGRESSIVE;
				CLANG_CXX_LANGUAGE_STANDARD = "gnu++14";
				CLANG_CXX_LIBRARY = "libc++";
				CLANG_ENABLE_MODULES = YES;
				CLANG_ENABLE_OBJC_ARC = YES;
				CLANG_ENABLE_OBJC_WEAK = YES;
				CLANG_WARN_BLOCK_CAPTURE_AUTORELEASING = YES;
				CLANG_WARN_BOOL_CONVERSION = YES;
				CLANG_WARN_COMMA = YES;
				CLANG_WARN_CONSTANT_CONVERSION = YES;
				CLANG_WARN_DEPRECATED_OBJC_IMPLEMENTATIONS = YES;
				CLANG_WARN_DIRECT_OBJC_ISA_USAGE = YES_ERROR;
				CLANG_WARN_DOCUMENTATION_COMMENTS = YES;
				CLANG_WARN_EMPTY_BODY = YES;
				CLANG_WARN_ENUM_CONVERSION = YES;
				CLANG_WARN_INFINITE_RECURSION = YES;
				CLANG_WARN_INT_CONVERSION = YES;
				CLANG_WARN_NON_LITERAL_NULL_CONVERSION = YES;
				CLANG_WARN_OBJC_IMPLICIT_RETAIN_SELF = YES;
				CLANG_WARN_OBJC_LITERAL_CONVERSION = YES;
				CLANG_WARN_OBJC_ROOT_CLASS = YES_ERROR;
				CLANG_WARN_RANGE_LOOP_ANALYSIS = YES;
				CLANG_WARN_STRICT_PROTOTYPES = YES;
				CLANG_WARN_SUSPICIOUS_MOVE = YES;
				CLANG_WARN_UNGUARDED_AVAILABILITY = YES_AGGRESSIVE;
				CLANG_WARN_UNREACHABLE_CODE = YES;
				CLANG_WARN__DUPLICATE_METHOD_MATCH = YES;
				COPY_PHASE_STRIP = NO;
				DEBUG_INFORMATION_FORMAT = dwarf;
				ENABLE_STRICT_OBJC_MSGSEND = YES;
				ENABLE_TESTABILITY = YES;
				GCC_C_LANGUAGE_STANDARD = gnu11;
				GCC_DYNAMIC_NO_PIC = NO;
				GCC_NO_COMMON_BLOCKS = YES;
				GCC_OPTIMIZATION_LEVEL = 0;
				GCC_PREPROCESSOR_DEFINITIONS = (
					"DEBUG=1",
					"$(inherited)",
				);
				GCC_WARN_64_TO_32_BIT_CONVERSION = YES;
				GCC_WARN_ABOUT_RETURN_TYPE = YES_ERROR;
				GCC_WARN_UNDECLARED_SELECTOR = YES;
				GCC_WARN_UNINITIALIZED_AUTOS = YES_AGGRESSIVE;
				GCC_WARN_UNUSED_FUNCTION = YES;
				GCC_WARN_UNUSED_VARIABLE = YES;
				IPHONEOS_DEPLOYMENT_TARGET = 13.2;
				MTL_ENABLE_DEBUG_INFO = INCLUDE_SOURCE;
				MTL_FAST_MATH = YES;
				ONLY_ACTIVE_ARCH = YES;
				SDKROOT = iphoneos;
				SWIFT_ACTIVE_COMPILATION_CONDITIONS = DEBUG;
				SWIFT_OPTIMIZATION_LEVEL = "-Onone";
			};
			name = Debug;
		};
		5FA35DF123F6BEA00045ED5C /* Release */ = {
			isa = XCBuildConfiguration;
			buildSettings = {
				ALWAYS_SEARCH_USER_PATHS = NO;
				CLANG_ANALYZER_NONNULL = YES;
				CLANG_ANALYZER_NUMBER_OBJECT_CONVERSION = YES_AGGRESSIVE;
				CLANG_CXX_LANGUAGE_STANDARD = "gnu++14";
				CLANG_CXX_LIBRARY = "libc++";
				CLANG_ENABLE_MODULES = YES;
				CLANG_ENABLE_OBJC_ARC = YES;
				CLANG_ENABLE_OBJC_WEAK = YES;
				CLANG_WARN_BLOCK_CAPTURE_AUTORELEASING = YES;
				CLANG_WARN_BOOL_CONVERSION = YES;
				CLANG_WARN_COMMA = YES;
				CLANG_WARN_CONSTANT_CONVERSION = YES;
				CLANG_WARN_DEPRECATED_OBJC_IMPLEMENTATIONS = YES;
				CLANG_WARN_DIRECT_OBJC_ISA_USAGE = YES_ERROR;
				CLANG_WARN_DOCUMENTATION_COMMENTS = YES;
				CLANG_WARN_EMPTY_BODY = YES;
				CLANG_WARN_ENUM_CONVERSION = YES;
				CLANG_WARN_INFINITE_RECURSION = YES;
				CLANG_WARN_INT_CONVERSION = YES;
				CLANG_WARN_NON_LITERAL_NULL_CONVERSION = YES;
				CLANG_WARN_OBJC_IMPLICIT_RETAIN_SELF = YES;
				CLANG_WARN_OBJC_LITERAL_CONVERSION = YES;
				CLANG_WARN_OBJC_ROOT_CLASS = YES_ERROR;
				CLANG_WARN_RANGE_LOOP_ANALYSIS = YES;
				CLANG_WARN_STRICT_PROTOTYPES = YES;
				CLANG_WARN_SUSPICIOUS_MOVE = YES;
				CLANG_WARN_UNGUARDED_AVAILABILITY = YES_AGGRESSIVE;
				CLANG_WARN_UNREACHABLE_CODE = YES;
				CLANG_WARN__DUPLICATE_METHOD_MATCH = YES;
				COPY_PHASE_STRIP = NO;
				DEBUG_INFORMATION_FORMAT = "dwarf-with-dsym";
				ENABLE_NS_ASSERTIONS = NO;
				ENABLE_STRICT_OBJC_MSGSEND = YES;
				GCC_C_LANGUAGE_STANDARD = gnu11;
				GCC_NO_COMMON_BLOCKS = YES;
				GCC_WARN_64_TO_32_BIT_CONVERSION = YES;
				GCC_WARN_ABOUT_RETURN_TYPE = YES_ERROR;
				GCC_WARN_UNDECLARED_SELECTOR = YES;
				GCC_WARN_UNINITIALIZED_AUTOS = YES_AGGRESSIVE;
				GCC_WARN_UNUSED_FUNCTION = YES;
				GCC_WARN_UNUSED_VARIABLE = YES;
				IPHONEOS_DEPLOYMENT_TARGET = 13.2;
				MTL_ENABLE_DEBUG_INFO = NO;
				MTL_FAST_MATH = YES;
				SDKROOT = iphoneos;
				SWIFT_COMPILATION_MODE = wholemodule;
				SWIFT_OPTIMIZATION_LEVEL = "-O";
				VALIDATE_PRODUCT = YES;
			};
			name = Release;
		};
		5FA35DF323F6BEA00045ED5C /* Debug */ = {
			isa = XCBuildConfiguration;
			buildSettings = {
				ASSETCATALOG_COMPILER_APPICON_NAME = AppIcon;
				CODE_SIGN_STYLE = Automatic;
				DEVELOPMENT_TEAM = 9VZ2GX6WB6;
				INFOPLIST_FILE = "Example1-MVC/Info.plist";
				LD_RUNPATH_SEARCH_PATHS = (
					"$(inherited)",
					"@executable_path/Frameworks",
				);
				PRODUCT_BUNDLE_IDENTIFIER = "codes.applause.Example1-MVC";
				PRODUCT_NAME = "$(TARGET_NAME)";
				SWIFT_VERSION = 5.0;
				TARGETED_DEVICE_FAMILY = "1,2";
			};
			name = Debug;
		};
		5FA35DF423F6BEA00045ED5C /* Release */ = {
			isa = XCBuildConfiguration;
			buildSettings = {
				ASSETCATALOG_COMPILER_APPICON_NAME = AppIcon;
				CODE_SIGN_STYLE = Automatic;
				DEVELOPMENT_TEAM = 9VZ2GX6WB6;
				INFOPLIST_FILE = "Example1-MVC/Info.plist";
				LD_RUNPATH_SEARCH_PATHS = (
					"$(inherited)",
					"@executable_path/Frameworks",
				);
				PRODUCT_BUNDLE_IDENTIFIER = "codes.applause.Example1-MVC";
				PRODUCT_NAME = "$(TARGET_NAME)";
				SWIFT_VERSION = 5.0;
				TARGETED_DEVICE_FAMILY = "1,2";
			};
			name = Release;
		};
/* End XCBuildConfiguration section */

/* Begin XCConfigurationList section */
		5FA35DD923F6BE9C0045ED5C /* Build configuration list for PBXProject "Example1-MVC" */ = {
			isa = XCConfigurationList;
			buildConfigurations = (
				5FA35DF023F6BEA00045ED5C /* Debug */,
				5FA35DF123F6BEA00045ED5C /* Release */,
			);
			defaultConfigurationIsVisible = 0;
			defaultConfigurationName = Release;
		};
		5FA35DF223F6BEA00045ED5C /* Build configuration list for PBXNativeTarget "Example1-MVC" */ = {
			isa = XCConfigurationList;
			buildConfigurations = (
				5FA35DF323F6BEA00045ED5C /* Debug */,
				5FA35DF423F6BEA00045ED5C /* Release */,
			);
			defaultConfigurationIsVisible = 0;
			defaultConfigurationName = Release;
		};
/* End XCConfigurationList section */
	};
	rootObject = 5FA35DD623F6BE9C0045ED5C /* Project object */;
}
