// !$*UTF8*$!
{
	archiveVersion = 1;
	classes = {
	};
	objectVersion = 50;
	objects = {

/* Begin PBXBuildFile section */
		5F6F32F623FC3B0B00C73418 /* Assets.xcassets in Resources */ = {isa = PBXBuildFile; fileRef = 5F6F32F523FC3B0B00C73418 /* Assets.xcassets */; };
		5F6F32F923FC3B0B00C73418 /* LaunchScreen.storyboard in Resources */ = {isa = PBXBuildFile; fileRef = 5F6F32F723FC3B0B00C73418 /* LaunchScreen.storyboard */; };
		5F6F330823FC3C0800C73418 /* AppDelegate.swift in Sources */ = {isa = PBXBuildFile; fileRef = 5F6F330623FC3C0800C73418 /* AppDelegate.swift */; };
		5F6F330923FC3C0800C73418 /* SceneDelegate.swift in Sources */ = {isa = PBXBuildFile; fileRef = 5F6F330723FC3C0800C73418 /* SceneDelegate.swift */; };
/* End PBXBuildFile section */

/* Begin PBXFileReference section */
		5F6F32E923FC3B0400C73418 /* Example4-MVVM-to-MVVMC.app */ = {isa = PBXFileReference; explicitFileType = wrapper.application; includeInIndex = 0; path = "Example4-MVVM-to-MVVMC.app"; sourceTree = BUILT_PRODUCTS_DIR; };
		5F6F32F523FC3B0B00C73418 /* Assets.xcassets */ = {isa = PBXFileReference; lastKnownFileType = folder.assetcatalog; path = Assets.xcassets; sourceTree = "<group>"; };
		5F6F32F823FC3B0B00C73418 /* Base */ = {isa = PBXFileReference; lastKnownFileType = file.storyboard; name = Base; path = Base.lproj/LaunchScreen.storyboard; sourceTree = "<group>"; };
		5F6F32FA23FC3B0B00C73418 /* Info.plist */ = {isa = PBXFileReference; lastKnownFileType = text.plist.xml; path = Info.plist; sourceTree = "<group>"; };
		5F6F330623FC3C0800C73418 /* AppDelegate.swift */ = {isa = PBXFileReference; fileEncoding = 4; lastKnownFileType = sourcecode.swift; name = AppDelegate.swift; path = "../../../Example3-MVC-to-MVVM/Example3-MVC-to-MVVM/AppDelegate/AppDelegate.swift"; sourceTree = "<group>"; };
		5F6F330723FC3C0800C73418 /* SceneDelegate.swift */ = {isa = PBXFileReference; fileEncoding = 4; lastKnownFileType = sourcecode.swift; name = SceneDelegate.swift; path = "../../../Example3-MVC-to-MVVM/Example3-MVC-to-MVVM/AppDelegate/SceneDelegate.swift"; sourceTree = "<group>"; };
/* End PBXFileReference section */

/* Begin PBXFrameworksBuildPhase section */
		5F6F32E623FC3B0400C73418 /* Frameworks */ = {
			isa = PBXFrameworksBuildPhase;
			buildActionMask = 2147483647;
			files = (
			);
			runOnlyForDeploymentPostprocessing = 0;
		};
/* End PBXFrameworksBuildPhase section */

/* Begin PBXGroup section */
		5F6F32E023FC3B0400C73418 = {
			isa = PBXGroup;
			children = (
				5F6F32EB23FC3B0400C73418 /* Example4-MVVM-to-MVVMC */,
				5F6F32EA23FC3B0400C73418 /* Products */,
			);
			sourceTree = "<group>";
		};
		5F6F32EA23FC3B0400C73418 /* Products */ = {
			isa = PBXGroup;
			children = (
				5F6F32E923FC3B0400C73418 /* Example4-MVVM-to-MVVMC.app */,
			);
			name = Products;
			sourceTree = "<group>";
		};
		5F6F32EB23FC3B0400C73418 /* Example4-MVVM-to-MVVMC */ = {
			isa = PBXGroup;
			children = (
				5F6F330023FC3B8700C73418 /* AppDelegate */,
				5F6F32F523FC3B0B00C73418 /* Assets.xcassets */,
				5F6F32FA23FC3B0B00C73418 /* Info.plist */,
				5F6F32F723FC3B0B00C73418 /* LaunchScreen.storyboard */,
				5F6F330123FC3B9400C73418 /* Model */,
				5F6F330223FC3BA300C73418 /* Network */,
				5F6F330323FC3BAF00C73418 /* Scenes */,
				5F6F330423FC3BBD00C73418 /* SharedStyle */,
				5F6F330523FC3BCE00C73418 /* View-Model */,
			);
			path = "Example4-MVVM-to-MVVMC";
			sourceTree = "<group>";
		};
		5F6F330023FC3B8700C73418 /* AppDelegate */ = {
			isa = PBXGroup;
			children = (
				5F6F330623FC3C0800C73418 /* AppDelegate.swift */,
				5F6F330723FC3C0800C73418 /* SceneDelegate.swift */,
			);
			path = AppDelegate;
			sourceTree = "<group>";
		};
		5F6F330123FC3B9400C73418 /* Model */ = {
			isa = PBXGroup;
			children = (
			);
			path = Model;
			sourceTree = "<group>";
		};
		5F6F330223FC3BA300C73418 /* Network */ = {
			isa = PBXGroup;
			children = (
			);
			path = Network;
			sourceTree = "<group>";
		};
		5F6F330323FC3BAF00C73418 /* Scenes */ = {
			isa = PBXGroup;
			children = (
			);
			path = Scenes;
			sourceTree = "<group>";
		};
		5F6F330423FC3BBD00C73418 /* SharedStyle */ = {
			isa = PBXGroup;
			children = (
			);
			path = SharedStyle;
			sourceTree = "<group>";
		};
		5F6F330523FC3BCE00C73418 /* View-Model */ = {
			isa = PBXGroup;
			children = (
			);
			path = "View-Model";
			sourceTree = "<group>";
		};
/* End PBXGroup section */

/* Begin PBXNativeTarget section */
		5F6F32E823FC3B0400C73418 /* Example4-MVVM-to-MVVMC */ = {
			isa = PBXNativeTarget;
			buildConfigurationList = 5F6F32FD23FC3B0B00C73418 /* Build configuration list for PBXNativeTarget "Example4-MVVM-to-MVVMC" */;
			buildPhases = (
				5F6F32E523FC3B0400C73418 /* Sources */,
				5F6F32E623FC3B0400C73418 /* Frameworks */,
				5F6F32E723FC3B0400C73418 /* Resources */,
			);
			buildRules = (
			);
			dependencies = (
			);
			name = "Example4-MVVM-to-MVVMC";
			productName = "Example4-MVVM-to-MVVMC";
			productReference = 5F6F32E923FC3B0400C73418 /* Example4-MVVM-to-MVVMC.app */;
			productType = "com.apple.product-type.application";
		};
/* End PBXNativeTarget section */

/* Begin PBXProject section */
		5F6F32E123FC3B0400C73418 /* Project object */ = {
			isa = PBXProject;
			attributes = {
				LastSwiftUpdateCheck = 1130;
				LastUpgradeCheck = 1130;
				ORGANIZATIONNAME = "Applause Codes";
				TargetAttributes = {
					5F6F32E823FC3B0400C73418 = {
						CreatedOnToolsVersion = 11.3;
						LastSwiftMigration = 1130;
					};
				};
			};
			buildConfigurationList = 5F6F32E423FC3B0400C73418 /* Build configuration list for PBXProject "Example4-MVVM-to-MVVMC" */;
			compatibilityVersion = "Xcode 9.3";
			developmentRegion = en;
			hasScannedForEncodings = 0;
			knownRegions = (
				en,
				Base,
			);
			mainGroup = 5F6F32E023FC3B0400C73418;
			productRefGroup = 5F6F32EA23FC3B0400C73418 /* Products */;
			projectDirPath = "";
			projectRoot = "";
			targets = (
				5F6F32E823FC3B0400C73418 /* Example4-MVVM-to-MVVMC */,
			);
		};
/* End PBXProject section */

/* Begin PBXResourcesBuildPhase section */
		5F6F32E723FC3B0400C73418 /* Resources */ = {
			isa = PBXResourcesBuildPhase;
			buildActionMask = 2147483647;
			files = (
				5F6F32F923FC3B0B00C73418 /* LaunchScreen.storyboard in Resources */,
				5F6F32F623FC3B0B00C73418 /* Assets.xcassets in Resources */,
			);
			runOnlyForDeploymentPostprocessing = 0;
		};
/* End PBXResourcesBuildPhase section */

/* Begin PBXSourcesBuildPhase section */
		5F6F32E523FC3B0400C73418 /* Sources */ = {
			isa = PBXSourcesBuildPhase;
			buildActionMask = 2147483647;
			files = (
				5F6F330823FC3C0800C73418 /* AppDelegate.swift in Sources */,
				5F6F330923FC3C0800C73418 /* SceneDelegate.swift in Sources */,
			);
			runOnlyForDeploymentPostprocessing = 0;
		};
/* End PBXSourcesBuildPhase section */

/* Begin PBXVariantGroup section */
		5F6F32F723FC3B0B00C73418 /* LaunchScreen.storyboard */ = {
			isa = PBXVariantGroup;
			children = (
				5F6F32F823FC3B0B00C73418 /* Base */,
			);
			name = LaunchScreen.storyboard;
			sourceTree = "<group>";
		};
/* End PBXVariantGroup section */

/* Begin XCBuildConfiguration section */
		5F6F32FB23FC3B0B00C73418 /* Debug */ = {
			isa = XCBuildConfiguration;
			buildSettings = {
				ALWAYS_SEARCH_USER_PATHS = NO;
				CLANG_ANALYZER_NONNULL = YES;
				CLANG_ANALYZER_NUMBER_OBJECT_CONVERSION = YES_AGGRESSIVE;
				CLANG_CXX_LANGUAGE_STANDARD = "gnu++14";
				CLANG_CXX_LIBRARY = "libc++";
				CLANG_ENABLE_MODULES = YES;
				CLANG_ENABLE_OBJC_ARC = YES;
				CLANG_ENABLE_OBJC_WEAK = YES;
				CLANG_WARN_BLOCK_CAPTURE_AUTORELEASING = YES;
				CLANG_WARN_BOOL_CONVERSION = YES;
				CLANG_WARN_COMMA = YES;
				CLANG_WARN_CONSTANT_CONVERSION = YES;
				CLANG_WARN_DEPRECATED_OBJC_IMPLEMENTATIONS = YES;
				CLANG_WARN_DIRECT_OBJC_ISA_USAGE = YES_ERROR;
				CLANG_WARN_DOCUMENTATION_COMMENTS = YES;
				CLANG_WARN_EMPTY_BODY = YES;
				CLANG_WARN_ENUM_CONVERSION = YES;
				CLANG_WARN_INFINITE_RECURSION = YES;
				CLANG_WARN_INT_CONVERSION = YES;
				CLANG_WARN_NON_LITERAL_NULL_CONVERSION = YES;
				CLANG_WARN_OBJC_IMPLICIT_RETAIN_SELF = YES;
				CLANG_WARN_OBJC_LITERAL_CONVERSION = YES;
				CLANG_WARN_OBJC_ROOT_CLASS = YES_ERROR;
				CLANG_WARN_RANGE_LOOP_ANALYSIS = YES;
				CLANG_WARN_STRICT_PROTOTYPES = YES;
				CLANG_WARN_SUSPICIOUS_MOVE = YES;
				CLANG_WARN_UNGUARDED_AVAILABILITY = YES_AGGRESSIVE;
				CLANG_WARN_UNREACHABLE_CODE = YES;
				CLANG_WARN__DUPLICATE_METHOD_MATCH = YES;
				COPY_PHASE_STRIP = NO;
				DEBUG_INFORMATION_FORMAT = dwarf;
				ENABLE_STRICT_OBJC_MSGSEND = YES;
				ENABLE_TESTABILITY = YES;
				GCC_C_LANGUAGE_STANDARD = gnu11;
				GCC_DYNAMIC_NO_PIC = NO;
				GCC_NO_COMMON_BLOCKS = YES;
				GCC_OPTIMIZATION_LEVEL = 0;
				GCC_PREPROCESSOR_DEFINITIONS = (
					"DEBUG=1",
					"$(inherited)",
				);
				GCC_WARN_64_TO_32_BIT_CONVERSION = YES;
				GCC_WARN_ABOUT_RETURN_TYPE = YES_ERROR;
				GCC_WARN_UNDECLARED_SELECTOR = YES;
				GCC_WARN_UNINITIALIZED_AUTOS = YES_AGGRESSIVE;
				GCC_WARN_UNUSED_FUNCTION = YES;
				GCC_WARN_UNUSED_VARIABLE = YES;
				IPHONEOS_DEPLOYMENT_TARGET = 13.2;
				MTL_ENABLE_DEBUG_INFO = INCLUDE_SOURCE;
				MTL_FAST_MATH = YES;
				ONLY_ACTIVE_ARCH = YES;
				SDKROOT = iphoneos;
				SWIFT_ACTIVE_COMPILATION_CONDITIONS = DEBUG;
				SWIFT_OPTIMIZATION_LEVEL = "-Onone";
			};
			name = Debug;
		};
		5F6F32FC23FC3B0B00C73418 /* Release */ = {
			isa = XCBuildConfiguration;
			buildSettings = {
				ALWAYS_SEARCH_USER_PATHS = NO;
				CLANG_ANALYZER_NONNULL = YES;
				CLANG_ANALYZER_NUMBER_OBJECT_CONVERSION = YES_AGGRESSIVE;
				CLANG_CXX_LANGUAGE_STANDARD = "gnu++14";
				CLANG_CXX_LIBRARY = "libc++";
				CLANG_ENABLE_MODULES = YES;
				CLANG_ENABLE_OBJC_ARC = YES;
				CLANG_ENABLE_OBJC_WEAK = YES;
				CLANG_WARN_BLOCK_CAPTURE_AUTORELEASING = YES;
				CLANG_WARN_BOOL_CONVERSION = YES;
				CLANG_WARN_COMMA = YES;
				CLANG_WARN_CONSTANT_CONVERSION = YES;
				CLANG_WARN_DEPRECATED_OBJC_IMPLEMENTATIONS = YES;
				CLANG_WARN_DIRECT_OBJC_ISA_USAGE = YES_ERROR;
				CLANG_WARN_DOCUMENTATION_COMMENTS = YES;
				CLANG_WARN_EMPTY_BODY = YES;
				CLANG_WARN_ENUM_CONVERSION = YES;
				CLANG_WARN_INFINITE_RECURSION = YES;
				CLANG_WARN_INT_CONVERSION = YES;
				CLANG_WARN_NON_LITERAL_NULL_CONVERSION = YES;
				CLANG_WARN_OBJC_IMPLICIT_RETAIN_SELF = YES;
				CLANG_WARN_OBJC_LITERAL_CONVERSION = YES;
				CLANG_WARN_OBJC_ROOT_CLASS = YES_ERROR;
				CLANG_WARN_RANGE_LOOP_ANALYSIS = YES;
				CLANG_WARN_STRICT_PROTOTYPES = YES;
				CLANG_WARN_SUSPICIOUS_MOVE = YES;
				CLANG_WARN_UNGUARDED_AVAILABILITY = YES_AGGRESSIVE;
				CLANG_WARN_UNREACHABLE_CODE = YES;
				CLANG_WARN__DUPLICATE_METHOD_MATCH = YES;
				COPY_PHASE_STRIP = NO;
				DEBUG_INFORMATION_FORMAT = "dwarf-with-dsym";
				ENABLE_NS_ASSERTIONS = NO;
				ENABLE_STRICT_OBJC_MSGSEND = YES;
				GCC_C_LANGUAGE_STANDARD = gnu11;
				GCC_NO_COMMON_BLOCKS = YES;
				GCC_WARN_64_TO_32_BIT_CONVERSION = YES;
				GCC_WARN_ABOUT_RETURN_TYPE = YES_ERROR;
				GCC_WARN_UNDECLARED_SELECTOR = YES;
				GCC_WARN_UNINITIALIZED_AUTOS = YES_AGGRESSIVE;
				GCC_WARN_UNUSED_FUNCTION = YES;
				GCC_WARN_UNUSED_VARIABLE = YES;
				IPHONEOS_DEPLOYMENT_TARGET = 13.2;
				MTL_ENABLE_DEBUG_INFO = NO;
				MTL_FAST_MATH = YES;
				SDKROOT = iphoneos;
				SWIFT_COMPILATION_MODE = wholemodule;
				SWIFT_OPTIMIZATION_LEVEL = "-O";
				VALIDATE_PRODUCT = YES;
			};
			name = Release;
		};
		5F6F32FE23FC3B0B00C73418 /* Debug */ = {
			isa = XCBuildConfiguration;
			buildSettings = {
				ASSETCATALOG_COMPILER_APPICON_NAME = AppIcon;
				CLANG_ENABLE_MODULES = YES;
				CODE_SIGN_STYLE = Automatic;
				DEVELOPMENT_TEAM = 9VZ2GX6WB6;
				INFOPLIST_FILE = "Example4-MVVM-to-MVVMC/Info.plist";
				LD_RUNPATH_SEARCH_PATHS = (
					"$(inherited)",
					"@executable_path/Frameworks",
				);
				PRODUCT_BUNDLE_IDENTIFIER = "codes.applause.Example4-MVVM-to-MVVMC";
				PRODUCT_NAME = "$(TARGET_NAME)";
				SWIFT_OPTIMIZATION_LEVEL = "-Onone";
				SWIFT_VERSION = 5.0;
				TARGETED_DEVICE_FAMILY = "1,2";
			};
			name = Debug;
		};
		5F6F32FF23FC3B0B00C73418 /* Release */ = {
			isa = XCBuildConfiguration;
			buildSettings = {
				ASSETCATALOG_COMPILER_APPICON_NAME = AppIcon;
				CLANG_ENABLE_MODULES = YES;
				CODE_SIGN_STYLE = Automatic;
				DEVELOPMENT_TEAM = 9VZ2GX6WB6;
				INFOPLIST_FILE = "Example4-MVVM-to-MVVMC/Info.plist";
				LD_RUNPATH_SEARCH_PATHS = (
					"$(inherited)",
					"@executable_path/Frameworks",
				);
				PRODUCT_BUNDLE_IDENTIFIER = "codes.applause.Example4-MVVM-to-MVVMC";
				PRODUCT_NAME = "$(TARGET_NAME)";
				SWIFT_VERSION = 5.0;
				TARGETED_DEVICE_FAMILY = "1,2";
			};
			name = Release;
		};
/* End XCBuildConfiguration section */

/* Begin XCConfigurationList section */
		5F6F32E423FC3B0400C73418 /* Build configuration list for PBXProject "Example4-MVVM-to-MVVMC" */ = {
			isa = XCConfigurationList;
			buildConfigurations = (
				5F6F32FB23FC3B0B00C73418 /* Debug */,
				5F6F32FC23FC3B0B00C73418 /* Release */,
			);
			defaultConfigurationIsVisible = 0;
			defaultConfigurationName = Release;
		};
		5F6F32FD23FC3B0B00C73418 /* Build configuration list for PBXNativeTarget "Example4-MVVM-to-MVVMC" */ = {
			isa = XCConfigurationList;
			buildConfigurations = (
				5F6F32FE23FC3B0B00C73418 /* Debug */,
				5F6F32FF23FC3B0B00C73418 /* Release */,
			);
			defaultConfigurationIsVisible = 0;
			defaultConfigurationName = Release;
		};
/* End XCConfigurationList section */
	};
	rootObject = 5F6F32E123FC3B0400C73418 /* Project object */;
}
